<?xml version="1.0" encoding="UTF-8" standalone="yes" ?>
<CodeBlocks_project_file>
	<FileVersion major="1" minor="6" />
	<Project>
		<Option title="ATJenieJenNet Application Router" />
		<Option pch_mode="2" />
		<Option compiler="jn51xx_compiler" />
		<Build>
			<Target title="Release">
				<Option output="..\JN5139_Build\Release\5139_ATJenieJN_Rtr.exe" prefix_auto="1" extension_auto="1" />
				<Option working_dir="..\JN5139_Build\Release" />
				<Option object_output="..\JN5139_Build\Release\.objs" />
				<Option type="1" />
				<Option compiler="jn51xx_compiler" />
				<ExtraCommands>
					<Add after="mv ..\JN5139_Build\Release\5139_ATJenieJN_Rtr.exe ..\JN5139_Build\Release\5139_ATJenieJN_Rtr.ba" />
					<Add after="ba-elf-objcopy -S -O binary ..\JN5139_Build\Release\5139_ATJenieJN_Rtr.ba ..\JN5139_Build\Release\5139_ATJenieJN_Rtr.bin" />
				</ExtraCommands>
			</Target>
			<Target title="Debug">
				<Option output="..\JN5139_Build\Debug\5139_ATJenieJN_Rtr.exe" prefix_auto="1" extension_auto="1" />
				<Option working_dir="..\JN5139_Build\Debug" />
				<Option object_output="..\JN5139_Build\Debug\.objs" />
				<Option type="1" />
				<Option compiler="jn51xx_compiler" />
				<Compiler>
					<Add option="-g" />
					<Add option="-DGDB" />
				</Compiler>
				<ExtraCommands>
					<Add after="cp ..\JN5139_Build\Debug\5139_ATJenieJN_Rtr.exe ..\JN5139_Build\Debug\5139_ATJenieJN_Rtr.ba" />
					<Add after="cp ..\JN5139_Build\Debug\5139_ATJenieJN_Rtr.exe ..\JN5139_Build\Debug\5139_ATJenieJN_Rtr.elf" />
					<Add after="ba-elf-objcopy -S -O binary ..\JN5139_Build\Debug\5139_ATJenieJN_Rtr.ba ..\JN5139_Build\Debug\5139_ATJenieJN_Rtr.bin" />
				</ExtraCommands>
			</Target>
		</Build>
		<Compiler>
			<Add option="-Os" />
			<Add option="-Wall" />
			<Add option="-g" />
			<Add option="-I." />
			<Add option="-Wstrict-prototypes" />
			<Add option="-Werror-implicit-function-declaration" />
			<Add option="-fomit-frame-pointer" />
			<Add option="-fno-strength-reduce" />
			<Add option="-pipe" />
			<Add option="-fno-builtin" />
			<Add option="-nostdlib" />
			<Add option="-msibcall" />
			<Add option="-mno-entri" />
			<Add option="-mno-multi" />
			<Add option="-mno-setcc" />
			<Add option="-mno-cmov" />
			<Add option="-mno-carry" />
			<Add option="-mno-subb" />
			<Add option="-mno-sext" />
			<Add option="-mno-ror" />
			<Add option="-mno-ff1" />
			<Add option="-mno-hard-div" />
			<Add option="-mhard-mul" />
			<Add option="-mbranch-cost=3" />
			<Add option="-msimple-mul" />
			<Add option="-mabi=1" />
			<Add option="-march=ba1" />
			<Add option="-mredzone-size=4" />
			<Add option="-DOR1K" />
			<Add option="-DEMBEDDED" />
			<Add option="-DLEAN_N_MEAN" />
			<Add option="-DSINGLE_CONTEXT" />
			<Add option="-DJN513x" />
			<Add option="-DHOST_IS_BIG_ENDIAN" />
			<Add option="-DGATEWAY" />
			<Add option="-DUART=0" />
			<Add option="-DATJ_ROUTER" />
			<Add option="-DATJ_TUNNELING" />
			<Add option="-DATJ_MAX_INPUT_STRING_SIZE=384" />
			<Add option="-DATJ_MAX_OUTPUT_STRING_SIZE=384" />
			<Add directory="..\..\..\..\SDK\Common\Include" />
			<Add directory="..\..\..\..\SDK\Chip\Common\Include" />
			<Add directory="..\..\..\..\SDK\Common\Source" />
			<Add directory="..\..\..\..\SDK\Chip\Common\Source" />
			<Add directory="..\..\..\..\SDK\Platform\Common\Include" />
			<Add directory="..\..\..\..\SDK\Platform\Common\Source" />
			<Add directory="..\..\..\Chip\JN513x\Include" />
			<Add directory="..\..\..\..\SDK\Platform\DK2\Include" />
			<Add directory="..\..\..\..\SDK\Platform\DK2\Source" />
			<Add directory="..\..\..\Jenie\Include" />
			<Add directory="..\..\..\ATJenie\Include" />
		</Compiler>
		<Linker>
			<Add option="-TAppBuild_JN5139.ld" />
			<Add library="..\..\..\ATJenie\Library\ATJenie.a" />
			<Add library="..\..\..\Jenie\Library\Jenie_TreeCRLib.a" />
			<Add library="..\..\..\Chip\JN513x\Library\ChipLib.a" />
			<Add library="..\..\..\Platform\DK2\Library\BoardLib_JN513x.a" />
			<Add library="C:\Jennic\cygwin\jennic\SDK\Common\Library\libc.a" />
			<Add library="..\..\..\..\..\ba-elf\lib\gcc\ba-elf\4.1.2\libgcc.a" />
			<Add library="..\..\..\Chip\JN513x\Library\OADLib_JN513x.a" />
			<Add directory="..\..\..\Chip\JN513x\Build" />
			<Add directory="..\..\..\JenNet\Build" />
		</Linker>
		<Unit filename="..\Source\ATJExtensionCmds.c">
			<Option compilerVar="CC" />
		</Unit>
		<Unit filename="..\Source\ATJPlatformCmds.c">
			<Option compilerVar="CC" />
		</Unit>
		<Unit filename="..\Source\ATJenie_App.c">
			<Option compilerVar="CC" />
		</Unit>
		<Unit filename="..\Source\Interrupt.h" />
		<Unit filename="..\Source\interrupt.c">
			<Option compilerVar="CC" />
		</Unit>
		<Unit filename="..\Source\queue.c">
			<Option compilerVar="CC" />
		</Unit>
		<Unit filename="..\Source\queue.h" />
		<Unit filename="..\Source\serial.c">
			<Option compilerVar="CC" />
		</Unit>
		<Unit filename="..\Source\serial.h" />
		<Unit filename="..\Source\uart.c">
			<Option compilerVar="CC" />
		</Unit>
		<Unit filename="..\Source\uart.h" />
		<Unit filename="..\..\..\Common\Source\AppQueueApi.c">
			<Option compilerVar="CC" />
		</Unit>
		<Extensions>
			<code_completion />
		</Extensions>
	</Project>
</CodeBlocks_project_file>
