
Microsoft Visual Studio Solution File, Format Version 10.00
# Visual Studio 2008
Project("{FAE04EC0-301F-11D3-BF4B-00C04F79EFBC}") = "Game", "Game\Game.csproj", "{1DA1C1E6-DDD6-4F45-9CF4-7465F4931F2F}"
EndProject
Project("{FAE04EC0-301F-11D3-BF4B-00C04F79EFBC}") = "MainLogic", "MainLogic\MainLogic.csproj", "{D0B4E6C5-76E0-49F6-83C5-4A6D3EA4C89A}"
EndProject
Project("{2150E333-8FDC-42A3-9474-1A3956D46DE8}") = "Tests", "Tests", "{60BB74E7-F34F-473F-93B9-2E8B8B14B5BE}"
EndProject
Project("{FAE04EC0-301F-11D3-BF4B-00C04F79EFBC}") = "BulletTest", "BulletTest\BulletTest.csproj", "{F2A9646D-3EA9-4C3E-BE4B-CEF2CE0DCA46}"
EndProject
Project("{FAE04EC0-301F-11D3-BF4B-00C04F79EFBC}") = "VirtualBicycle.Ide", "VirtualBicycle.Ide\VirtualBicycle.Ide.csproj", "{AA72D449-B468-4698-A28D-926E2225FC5A}"
EndProject
Project("{2150E333-8FDC-42A3-9474-1A3956D46DE8}") = "Engine", "Engine", "{5FF681B1-3EFA-4E08-B591-B935648CEE4C}"
EndProject
Project("{FAE04EC0-301F-11D3-BF4B-00C04F79EFBC}") = "Apoc3D.Core", "VirtualBicycle.Core\Apoc3D.Core.csproj", "{767AFD72-02F7-4543-B193-A2E19645A4B9}"
EndProject
Project("{FAE04EC0-301F-11D3-BF4B-00C04F79EFBC}") = "Apoc3D.Graphics", "VirtualBicycle.Graphics\Apoc3D.Graphics.csproj", "{726180A4-EE3E-478D-A5F9-985F56393AA7}"
EndProject
Project("{FAE04EC0-301F-11D3-BF4B-00C04F79EFBC}") = "Apoc3D.RenderSystem.D3D", "VirtualBicycle.RenderSystem.D3D\Apoc3D.RenderSystem.D3D.csproj", "{B71B0226-0214-4A50-9F10-88F00E86A66A}"
EndProject
Project("{FAE04EC0-301F-11D3-BF4B-00C04F79EFBC}") = "Apoc3D.Test.ResourceManagerTest", "VirtualBicycle.Test.ResourceManagerTest\Apoc3D.Test.ResourceManagerTest.csproj", "{621F2E13-789D-4F96-BCDD-1363372AE347}"
EndProject
Project("{FAE04EC0-301F-11D3-BF4B-00C04F79EFBC}") = "Apoc3D.Test", "VirtualBicycle.Test\Apoc3D.Test.csproj", "{7D00610C-17B7-4711-8B09-2224FFBB123E}"
EndProject
Project("{2150E333-8FDC-42A3-9474-1A3956D46DE8}") = "PC", "PC", "{778DBF59-440B-4317-9808-D5AC892914F3}"
EndProject
Project("{2150E333-8FDC-42A3-9474-1A3956D46DE8}") = "XBox", "XBox", "{829D130D-7C4F-424A-AFB1-B9064C4320EA}"
EndProject
Project("{FAE04EC0-301F-11D3-BF4B-00C04F79EFBC}") = "Apoc3D.CoreX", "VirtualBicycle.Core\Apoc3D.CoreX.csproj", "{5E3D9108-7C6A-4DF0-A01A-8697645B7FF7}"
EndProject
Project("{FAE04EC0-301F-11D3-BF4B-00C04F79EFBC}") = "Apoc3D.GraphicsX", "VirtualBicycle.Graphics\Apoc3D.GraphicsX.csproj", "{7538293E-884D-476E-839C-EC7E3536A43C}"
EndProject
Project("{FAE04EC0-301F-11D3-BF4B-00C04F79EFBC}") = "Apoc3D.RenderSystem.Xna.XBox", "VirtualBicycle.RenderSystem.Xna\Apoc3D.RenderSystem.Xna.XBox.csproj", "{19321CCC-6A9B-4002-9966-197F960B41D0}"
EndProject
Project("{FAE04EC0-301F-11D3-BF4B-00C04F79EFBC}") = "Apoc3D.RenderSystem.Xna.PC", "VirtualBicycle.RenderSystem.Xna\Apoc3D.RenderSystem.Xna.PC.csproj", "{AE28499E-7D28-42AC-8CE6-4F93753342AD}"
EndProject
Project("{2150E333-8FDC-42A3-9474-1A3956D46DE8}") = "IDEPlugins", "IDEPlugins", "{28DB5D72-71E8-4E92-A1C8-2CC5F45300A9}"
EndProject
Project("{FAE04EC0-301F-11D3-BF4B-00C04F79EFBC}") = "Plugin.GISTools", "IDEPlugins\Plugin.GISTools\Plugin.GISTools.csproj", "{8F9419AA-EA51-4759-BADC-59D984FFA3B3}"
EndProject
Project("{FAE04EC0-301F-11D3-BF4B-00C04F79EFBC}") = "Plugin.BitmapFontTools", "IDEPlugins\Plugin.BitmapFontTools\Plugin.BitmapFontTools.csproj", "{F3B19A80-1849-45B2-B21D-A9A68E2E47D0}"
EndProject
Project("{FAE04EC0-301F-11D3-BF4B-00C04F79EFBC}") = "Plugin.CsfTools", "IDEPlugins\Plugin.CsfTools\Plugin.CsfTools.csproj", "{40CA55CF-4A50-45CB-8166-06DE5F77316F}"
EndProject
Project("{FAE04EC0-301F-11D3-BF4B-00C04F79EFBC}") = "Plugin.ModelTools", "IDEPlugins\Plugin.ModelTools\Plugin.ModelTools.csproj", "{78198102-0C5B-4F8A-A001-CF55747DC044}"
EndProject
Project("{FAE04EC0-301F-11D3-BF4B-00C04F79EFBC}") = "Plugin.WorldBuilder", "IDEPlugins\Plugin.WorldBuilder\Plugin.WorldBuilder.csproj", "{88F2DDB5-3C4A-4D3D-A9FF-6A5DA19BB9B7}"
EndProject
Project("{FAE04EC0-301F-11D3-BF4B-00C04F79EFBC}") = "Plugin.Common", "IDEPlugins\Plugin.Common\Plugin.Common.csproj", "{FBD89143-7A75-4EF8-B697-80446030DFD7}"
EndProject
Project("{FAE04EC0-301F-11D3-BF4B-00C04F79EFBC}") = "Apoc3D.Collision", "VirtualBicycle.Collision\Apoc3D.Collision.csproj", "{ED6CFF26-7985-4156-8E04-30D01BA33655}"
EndProject
Project("{FAE04EC0-301F-11D3-BF4B-00C04F79EFBC}") = "Apoc3D.CollisionX", "VirtualBicycle.Collision\Apoc3D.CollisionX.csproj", "{F10370E7-3F24-4D01-89F3-1341917418F8}"
EndProject
Project("{FAE04EC0-301F-11D3-BF4B-00C04F79EFBC}") = "JigLibX", "JigLibX\JigLibX.csproj", "{7C3F7EE7-7E67-462B-80C8-588331703AE9}"
EndProject
Project("{FAE04EC0-301F-11D3-BF4B-00C04F79EFBC}") = "JigLibX360", "JigLibX\JigLibX360.csproj", "{610523B4-A5A6-4D3A-A10F-DAFE02D49B9D}"
EndProject
Global
	GlobalSection(SolutionConfigurationPlatforms) = preSolution
		Debug|Any CPU = Debug|Any CPU
		Debug|Mixed Platforms = Debug|Mixed Platforms
		Debug|Win32 = Debug|Win32
		Debug|x86 = Debug|x86
		Debug|Xbox 360 = Debug|Xbox 360
		Release|Any CPU = Release|Any CPU
		Release|Mixed Platforms = Release|Mixed Platforms
		Release|Win32 = Release|Win32
		Release|x86 = Release|x86
		Release|Xbox 360 = Release|Xbox 360
	EndGlobalSection
	GlobalSection(ProjectConfigurationPlatforms) = postSolution
		{1DA1C1E6-DDD6-4F45-9CF4-7465F4931F2F}.Debug|Any CPU.ActiveCfg = Debug|Any CPU
		{1DA1C1E6-DDD6-4F45-9CF4-7465F4931F2F}.Debug|Any CPU.Build.0 = Debug|Any CPU
		{1DA1C1E6-DDD6-4F45-9CF4-7465F4931F2F}.Debug|Mixed Platforms.ActiveCfg = Debug|Any CPU
		{1DA1C1E6-DDD6-4F45-9CF4-7465F4931F2F}.Debug|Mixed Platforms.Build.0 = Debug|Any CPU
		{1DA1C1E6-DDD6-4F45-9CF4-7465F4931F2F}.Debug|Win32.ActiveCfg = Debug|Any CPU
		{1DA1C1E6-DDD6-4F45-9CF4-7465F4931F2F}.Debug|x86.ActiveCfg = Debug|Any CPU
		{1DA1C1E6-DDD6-4F45-9CF4-7465F4931F2F}.Debug|Xbox 360.ActiveCfg = Debug|Any CPU
		{1DA1C1E6-DDD6-4F45-9CF4-7465F4931F2F}.Release|Any CPU.ActiveCfg = Release|Any CPU
		{1DA1C1E6-DDD6-4F45-9CF4-7465F4931F2F}.Release|Any CPU.Build.0 = Release|Any CPU
		{1DA1C1E6-DDD6-4F45-9CF4-7465F4931F2F}.Release|Mixed Platforms.ActiveCfg = Release|Any CPU
		{1DA1C1E6-DDD6-4F45-9CF4-7465F4931F2F}.Release|Mixed Platforms.Build.0 = Release|Any CPU
		{1DA1C1E6-DDD6-4F45-9CF4-7465F4931F2F}.Release|Win32.ActiveCfg = Release|Any CPU
		{1DA1C1E6-DDD6-4F45-9CF4-7465F4931F2F}.Release|x86.ActiveCfg = Release|Any CPU
		{1DA1C1E6-DDD6-4F45-9CF4-7465F4931F2F}.Release|Xbox 360.ActiveCfg = Release|Any CPU
		{D0B4E6C5-76E0-49F6-83C5-4A6D3EA4C89A}.Debug|Any CPU.ActiveCfg = Debug|Any CPU
		{D0B4E6C5-76E0-49F6-83C5-4A6D3EA4C89A}.Debug|Any CPU.Build.0 = Debug|Any CPU
		{D0B4E6C5-76E0-49F6-83C5-4A6D3EA4C89A}.Debug|Mixed Platforms.ActiveCfg = Debug|Any CPU
		{D0B4E6C5-76E0-49F6-83C5-4A6D3EA4C89A}.Debug|Mixed Platforms.Build.0 = Debug|Any CPU
		{D0B4E6C5-76E0-49F6-83C5-4A6D3EA4C89A}.Debug|Win32.ActiveCfg = Debug|Any CPU
		{D0B4E6C5-76E0-49F6-83C5-4A6D3EA4C89A}.Debug|x86.ActiveCfg = Debug|Any CPU
		{D0B4E6C5-76E0-49F6-83C5-4A6D3EA4C89A}.Debug|Xbox 360.ActiveCfg = Debug|Any CPU
		{D0B4E6C5-76E0-49F6-83C5-4A6D3EA4C89A}.Release|Any CPU.ActiveCfg = Release|Any CPU
		{D0B4E6C5-76E0-49F6-83C5-4A6D3EA4C89A}.Release|Any CPU.Build.0 = Release|Any CPU
		{D0B4E6C5-76E0-49F6-83C5-4A6D3EA4C89A}.Release|Mixed Platforms.ActiveCfg = Release|Any CPU
		{D0B4E6C5-76E0-49F6-83C5-4A6D3EA4C89A}.Release|Mixed Platforms.Build.0 = Release|Any CPU
		{D0B4E6C5-76E0-49F6-83C5-4A6D3EA4C89A}.Release|Win32.ActiveCfg = Release|Any CPU
		{D0B4E6C5-76E0-49F6-83C5-4A6D3EA4C89A}.Release|x86.ActiveCfg = Release|Any CPU
		{D0B4E6C5-76E0-49F6-83C5-4A6D3EA4C89A}.Release|Xbox 360.ActiveCfg = Release|Any CPU
		{F2A9646D-3EA9-4C3E-BE4B-CEF2CE0DCA46}.Debug|Any CPU.ActiveCfg = Debug|Any CPU
		{F2A9646D-3EA9-4C3E-BE4B-CEF2CE0DCA46}.Debug|Any CPU.Build.0 = Debug|Any CPU
		{F2A9646D-3EA9-4C3E-BE4B-CEF2CE0DCA46}.Debug|Mixed Platforms.ActiveCfg = Debug|Any CPU
		{F2A9646D-3EA9-4C3E-BE4B-CEF2CE0DCA46}.Debug|Mixed Platforms.Build.0 = Debug|Any CPU
		{F2A9646D-3EA9-4C3E-BE4B-CEF2CE0DCA46}.Debug|Win32.ActiveCfg = Debug|Any CPU
		{F2A9646D-3EA9-4C3E-BE4B-CEF2CE0DCA46}.Debug|x86.ActiveCfg = Debug|Any CPU
		{F2A9646D-3EA9-4C3E-BE4B-CEF2CE0DCA46}.Debug|Xbox 360.ActiveCfg = Debug|Any CPU
		{F2A9646D-3EA9-4C3E-BE4B-CEF2CE0DCA46}.Release|Any CPU.ActiveCfg = Release|Any CPU
		{F2A9646D-3EA9-4C3E-BE4B-CEF2CE0DCA46}.Release|Any CPU.Build.0 = Release|Any CPU
		{F2A9646D-3EA9-4C3E-BE4B-CEF2CE0DCA46}.Release|Mixed Platforms.ActiveCfg = Release|Any CPU
		{F2A9646D-3EA9-4C3E-BE4B-CEF2CE0DCA46}.Release|Mixed Platforms.Build.0 = Release|Any CPU
		{F2A9646D-3EA9-4C3E-BE4B-CEF2CE0DCA46}.Release|Win32.ActiveCfg = Release|Any CPU
		{F2A9646D-3EA9-4C3E-BE4B-CEF2CE0DCA46}.Release|x86.ActiveCfg = Release|Any CPU
		{F2A9646D-3EA9-4C3E-BE4B-CEF2CE0DCA46}.Release|Xbox 360.ActiveCfg = Release|Any CPU
		{AA72D449-B468-4698-A28D-926E2225FC5A}.Debug|Any CPU.ActiveCfg = Debug|Any CPU
		{AA72D449-B468-4698-A28D-926E2225FC5A}.Debug|Any CPU.Build.0 = Debug|Any CPU
		{AA72D449-B468-4698-A28D-926E2225FC5A}.Debug|Mixed Platforms.ActiveCfg = Debug|Any CPU
		{AA72D449-B468-4698-A28D-926E2225FC5A}.Debug|Mixed Platforms.Build.0 = Debug|Any CPU
		{AA72D449-B468-4698-A28D-926E2225FC5A}.Debug|Win32.ActiveCfg = Debug|Any CPU
		{AA72D449-B468-4698-A28D-926E2225FC5A}.Debug|x86.ActiveCfg = Debug|Any CPU
		{AA72D449-B468-4698-A28D-926E2225FC5A}.Debug|Xbox 360.ActiveCfg = Debug|Any CPU
		{AA72D449-B468-4698-A28D-926E2225FC5A}.Release|Any CPU.ActiveCfg = Release|Any CPU
		{AA72D449-B468-4698-A28D-926E2225FC5A}.Release|Any CPU.Build.0 = Release|Any CPU
		{AA72D449-B468-4698-A28D-926E2225FC5A}.Release|Mixed Platforms.ActiveCfg = Release|Any CPU
		{AA72D449-B468-4698-A28D-926E2225FC5A}.Release|Mixed Platforms.Build.0 = Release|Any CPU
		{AA72D449-B468-4698-A28D-926E2225FC5A}.Release|Win32.ActiveCfg = Release|Any CPU
		{AA72D449-B468-4698-A28D-926E2225FC5A}.Release|x86.ActiveCfg = Release|Any CPU
		{AA72D449-B468-4698-A28D-926E2225FC5A}.Release|Xbox 360.ActiveCfg = Release|Any CPU
		{767AFD72-02F7-4543-B193-A2E19645A4B9}.Debug|Any CPU.ActiveCfg = Debug|Any CPU
		{767AFD72-02F7-4543-B193-A2E19645A4B9}.Debug|Any CPU.Build.0 = Debug|Any CPU
		{767AFD72-02F7-4543-B193-A2E19645A4B9}.Debug|Mixed Platforms.ActiveCfg = Debug|Any CPU
		{767AFD72-02F7-4543-B193-A2E19645A4B9}.Debug|Mixed Platforms.Build.0 = Debug|Any CPU
		{767AFD72-02F7-4543-B193-A2E19645A4B9}.Debug|Win32.ActiveCfg = Debug|Any CPU
		{767AFD72-02F7-4543-B193-A2E19645A4B9}.Debug|x86.ActiveCfg = Debug|Any CPU
		{767AFD72-02F7-4543-B193-A2E19645A4B9}.Debug|Xbox 360.ActiveCfg = Debug|Any CPU
		{767AFD72-02F7-4543-B193-A2E19645A4B9}.Release|Any CPU.ActiveCfg = Release|Any CPU
		{767AFD72-02F7-4543-B193-A2E19645A4B9}.Release|Any CPU.Build.0 = Release|Any CPU
		{767AFD72-02F7-4543-B193-A2E19645A4B9}.Release|Mixed Platforms.ActiveCfg = Release|Any CPU
		{767AFD72-02F7-4543-B193-A2E19645A4B9}.Release|Mixed Platforms.Build.0 = Release|Any CPU
		{767AFD72-02F7-4543-B193-A2E19645A4B9}.Release|Win32.ActiveCfg = Release|Any CPU
		{767AFD72-02F7-4543-B193-A2E19645A4B9}.Release|x86.ActiveCfg = Release|Any CPU
		{767AFD72-02F7-4543-B193-A2E19645A4B9}.Release|Xbox 360.ActiveCfg = Release|Any CPU
		{726180A4-EE3E-478D-A5F9-985F56393AA7}.Debug|Any CPU.ActiveCfg = Debug|Any CPU
		{726180A4-EE3E-478D-A5F9-985F56393AA7}.Debug|Any CPU.Build.0 = Debug|Any CPU
		{726180A4-EE3E-478D-A5F9-985F56393AA7}.Debug|Mixed Platforms.ActiveCfg = Debug|Any CPU
		{726180A4-EE3E-478D-A5F9-985F56393AA7}.Debug|Mixed Platforms.Build.0 = Debug|Any CPU
		{726180A4-EE3E-478D-A5F9-985F56393AA7}.Debug|Win32.ActiveCfg = Debug|Any CPU
		{726180A4-EE3E-478D-A5F9-985F56393AA7}.Debug|x86.ActiveCfg = Debug|Any CPU
		{726180A4-EE3E-478D-A5F9-985F56393AA7}.Debug|Xbox 360.ActiveCfg = Debug|Any CPU
		{726180A4-EE3E-478D-A5F9-985F56393AA7}.Release|Any CPU.ActiveCfg = Release|Any CPU
		{726180A4-EE3E-478D-A5F9-985F56393AA7}.Release|Any CPU.Build.0 = Release|Any CPU
		{726180A4-EE3E-478D-A5F9-985F56393AA7}.Release|Mixed Platforms.ActiveCfg = Release|Any CPU
		{726180A4-EE3E-478D-A5F9-985F56393AA7}.Release|Mixed Platforms.Build.0 = Release|Any CPU
		{726180A4-EE3E-478D-A5F9-985F56393AA7}.Release|Win32.ActiveCfg = Release|Any CPU
		{726180A4-EE3E-478D-A5F9-985F56393AA7}.Release|x86.ActiveCfg = Release|Any CPU
		{726180A4-EE3E-478D-A5F9-985F56393AA7}.Release|Xbox 360.ActiveCfg = Release|Any CPU
		{B71B0226-0214-4A50-9F10-88F00E86A66A}.Debug|Any CPU.ActiveCfg = Debug|Any CPU
		{B71B0226-0214-4A50-9F10-88F00E86A66A}.Debug|Any CPU.Build.0 = Debug|Any CPU
		{B71B0226-0214-4A50-9F10-88F00E86A66A}.Debug|Mixed Platforms.ActiveCfg = Debug|Any CPU
		{B71B0226-0214-4A50-9F10-88F00E86A66A}.Debug|Mixed Platforms.Build.0 = Debug|Any CPU
		{B71B0226-0214-4A50-9F10-88F00E86A66A}.Debug|Win32.ActiveCfg = Debug|Any CPU
		{B71B0226-0214-4A50-9F10-88F00E86A66A}.Debug|x86.ActiveCfg = Debug|Any CPU
		{B71B0226-0214-4A50-9F10-88F00E86A66A}.Debug|Xbox 360.ActiveCfg = Debug|Any CPU
		{B71B0226-0214-4A50-9F10-88F00E86A66A}.Release|Any CPU.ActiveCfg = Release|Any CPU
		{B71B0226-0214-4A50-9F10-88F00E86A66A}.Release|Any CPU.Build.0 = Release|Any CPU
		{B71B0226-0214-4A50-9F10-88F00E86A66A}.Release|Mixed Platforms.ActiveCfg = Release|Any CPU
		{B71B0226-0214-4A50-9F10-88F00E86A66A}.Release|Mixed Platforms.Build.0 = Release|Any CPU
		{B71B0226-0214-4A50-9F10-88F00E86A66A}.Release|Win32.ActiveCfg = Release|Any CPU
		{B71B0226-0214-4A50-9F10-88F00E86A66A}.Release|x86.ActiveCfg = Release|Any CPU
		{B71B0226-0214-4A50-9F10-88F00E86A66A}.Release|Xbox 360.ActiveCfg = Release|Any CPU
		{621F2E13-789D-4F96-BCDD-1363372AE347}.Debug|Any CPU.ActiveCfg = Debug|Any CPU
		{621F2E13-789D-4F96-BCDD-1363372AE347}.Debug|Any CPU.Build.0 = Debug|Any CPU
		{621F2E13-789D-4F96-BCDD-1363372AE347}.Debug|Mixed Platforms.ActiveCfg = Debug|Any CPU
		{621F2E13-789D-4F96-BCDD-1363372AE347}.Debug|Mixed Platforms.Build.0 = Debug|Any CPU
		{621F2E13-789D-4F96-BCDD-1363372AE347}.Debug|Win32.ActiveCfg = Debug|Any CPU
		{621F2E13-789D-4F96-BCDD-1363372AE347}.Debug|x86.ActiveCfg = Debug|Any CPU
		{621F2E13-789D-4F96-BCDD-1363372AE347}.Debug|Xbox 360.ActiveCfg = Debug|Any CPU
		{621F2E13-789D-4F96-BCDD-1363372AE347}.Release|Any CPU.ActiveCfg = Release|Any CPU
		{621F2E13-789D-4F96-BCDD-1363372AE347}.Release|Any CPU.Build.0 = Release|Any CPU
		{621F2E13-789D-4F96-BCDD-1363372AE347}.Release|Mixed Platforms.ActiveCfg = Release|Any CPU
		{621F2E13-789D-4F96-BCDD-1363372AE347}.Release|Mixed Platforms.Build.0 = Release|Any CPU
		{621F2E13-789D-4F96-BCDD-1363372AE347}.Release|Win32.ActiveCfg = Release|Any CPU
		{621F2E13-789D-4F96-BCDD-1363372AE347}.Release|x86.ActiveCfg = Release|Any CPU
		{621F2E13-789D-4F96-BCDD-1363372AE347}.Release|Xbox 360.ActiveCfg = Release|Any CPU
		{7D00610C-17B7-4711-8B09-2224FFBB123E}.Debug|Any CPU.ActiveCfg = Debug|Any CPU
		{7D00610C-17B7-4711-8B09-2224FFBB123E}.Debug|Any CPU.Build.0 = Debug|Any CPU
		{7D00610C-17B7-4711-8B09-2224FFBB123E}.Debug|Mixed Platforms.ActiveCfg = Debug|Any CPU
		{7D00610C-17B7-4711-8B09-2224FFBB123E}.Debug|Mixed Platforms.Build.0 = Debug|Any CPU
		{7D00610C-17B7-4711-8B09-2224FFBB123E}.Debug|Win32.ActiveCfg = Debug|Any CPU
		{7D00610C-17B7-4711-8B09-2224FFBB123E}.Debug|x86.ActiveCfg = Debug|Any CPU
		{7D00610C-17B7-4711-8B09-2224FFBB123E}.Debug|Xbox 360.ActiveCfg = Debug|Any CPU
		{7D00610C-17B7-4711-8B09-2224FFBB123E}.Release|Any CPU.ActiveCfg = Release|Any CPU
		{7D00610C-17B7-4711-8B09-2224FFBB123E}.Release|Any CPU.Build.0 = Release|Any CPU
		{7D00610C-17B7-4711-8B09-2224FFBB123E}.Release|Mixed Platforms.ActiveCfg = Release|Any CPU
		{7D00610C-17B7-4711-8B09-2224FFBB123E}.Release|Mixed Platforms.Build.0 = Release|Any CPU
		{7D00610C-17B7-4711-8B09-2224FFBB123E}.Release|Win32.ActiveCfg = Release|Any CPU
		{7D00610C-17B7-4711-8B09-2224FFBB123E}.Release|x86.ActiveCfg = Release|Any CPU
		{7D00610C-17B7-4711-8B09-2224FFBB123E}.Release|Xbox 360.ActiveCfg = Release|Any CPU
		{5E3D9108-7C6A-4DF0-A01A-8697645B7FF7}.Debug|Any CPU.ActiveCfg = Debug|Xbox 360
		{5E3D9108-7C6A-4DF0-A01A-8697645B7FF7}.Debug|Mixed Platforms.ActiveCfg = Debug|Xbox 360
		{5E3D9108-7C6A-4DF0-A01A-8697645B7FF7}.Debug|Mixed Platforms.Build.0 = Debug|Xbox 360
		{5E3D9108-7C6A-4DF0-A01A-8697645B7FF7}.Debug|Win32.ActiveCfg = Debug|Xbox 360
		{5E3D9108-7C6A-4DF0-A01A-8697645B7FF7}.Debug|x86.ActiveCfg = Debug|Xbox 360
		{5E3D9108-7C6A-4DF0-A01A-8697645B7FF7}.Debug|Xbox 360.ActiveCfg = Debug|Xbox 360
		{5E3D9108-7C6A-4DF0-A01A-8697645B7FF7}.Debug|Xbox 360.Build.0 = Debug|Xbox 360
		{5E3D9108-7C6A-4DF0-A01A-8697645B7FF7}.Release|Any CPU.ActiveCfg = Release|Xbox 360
		{5E3D9108-7C6A-4DF0-A01A-8697645B7FF7}.Release|Mixed Platforms.ActiveCfg = Release|Xbox 360
		{5E3D9108-7C6A-4DF0-A01A-8697645B7FF7}.Release|Mixed Platforms.Build.0 = Release|Xbox 360
		{5E3D9108-7C6A-4DF0-A01A-8697645B7FF7}.Release|Win32.ActiveCfg = Release|Xbox 360
		{5E3D9108-7C6A-4DF0-A01A-8697645B7FF7}.Release|x86.ActiveCfg = Release|Xbox 360
		{5E3D9108-7C6A-4DF0-A01A-8697645B7FF7}.Release|Xbox 360.ActiveCfg = Release|Xbox 360
		{5E3D9108-7C6A-4DF0-A01A-8697645B7FF7}.Release|Xbox 360.Build.0 = Release|Xbox 360
		{7538293E-884D-476E-839C-EC7E3536A43C}.Debug|Any CPU.ActiveCfg = Debug|Xbox 360
		{7538293E-884D-476E-839C-EC7E3536A43C}.Debug|Mixed Platforms.ActiveCfg = Debug|Xbox 360
		{7538293E-884D-476E-839C-EC7E3536A43C}.Debug|Mixed Platforms.Build.0 = Debug|Xbox 360
		{7538293E-884D-476E-839C-EC7E3536A43C}.Debug|Win32.ActiveCfg = Debug|Xbox 360
		{7538293E-884D-476E-839C-EC7E3536A43C}.Debug|x86.ActiveCfg = Debug|Xbox 360
		{7538293E-884D-476E-839C-EC7E3536A43C}.Debug|Xbox 360.ActiveCfg = Debug|Xbox 360
		{7538293E-884D-476E-839C-EC7E3536A43C}.Debug|Xbox 360.Build.0 = Debug|Xbox 360
		{7538293E-884D-476E-839C-EC7E3536A43C}.Release|Any CPU.ActiveCfg = Release|Xbox 360
		{7538293E-884D-476E-839C-EC7E3536A43C}.Release|Mixed Platforms.ActiveCfg = Release|Xbox 360
		{7538293E-884D-476E-839C-EC7E3536A43C}.Release|Mixed Platforms.Build.0 = Release|Xbox 360
		{7538293E-884D-476E-839C-EC7E3536A43C}.Release|Win32.ActiveCfg = Release|Xbox 360
		{7538293E-884D-476E-839C-EC7E3536A43C}.Release|x86.ActiveCfg = Release|Xbox 360
		{7538293E-884D-476E-839C-EC7E3536A43C}.Release|Xbox 360.ActiveCfg = Release|Xbox 360
		{7538293E-884D-476E-839C-EC7E3536A43C}.Release|Xbox 360.Build.0 = Release|Xbox 360
		{19321CCC-6A9B-4002-9966-197F960B41D0}.Debug|Any CPU.ActiveCfg = Debug|Xbox 360
		{19321CCC-6A9B-4002-9966-197F960B41D0}.Debug|Mixed Platforms.ActiveCfg = Debug|Xbox 360
		{19321CCC-6A9B-4002-9966-197F960B41D0}.Debug|Mixed Platforms.Build.0 = Debug|Xbox 360
		{19321CCC-6A9B-4002-9966-197F960B41D0}.Debug|Win32.ActiveCfg = Debug|Xbox 360
		{19321CCC-6A9B-4002-9966-197F960B41D0}.Debug|x86.ActiveCfg = Debug|Xbox 360
		{19321CCC-6A9B-4002-9966-197F960B41D0}.Debug|Xbox 360.ActiveCfg = Debug|Xbox 360
		{19321CCC-6A9B-4002-9966-197F960B41D0}.Debug|Xbox 360.Build.0 = Debug|Xbox 360
		{19321CCC-6A9B-4002-9966-197F960B41D0}.Release|Any CPU.ActiveCfg = Release|Xbox 360
		{19321CCC-6A9B-4002-9966-197F960B41D0}.Release|Mixed Platforms.ActiveCfg = Release|Xbox 360
		{19321CCC-6A9B-4002-9966-197F960B41D0}.Release|Mixed Platforms.Build.0 = Release|Xbox 360
		{19321CCC-6A9B-4002-9966-197F960B41D0}.Release|Win32.ActiveCfg = Release|Xbox 360
		{19321CCC-6A9B-4002-9966-197F960B41D0}.Release|x86.ActiveCfg = Release|Xbox 360
		{19321CCC-6A9B-4002-9966-197F960B41D0}.Release|Xbox 360.ActiveCfg = Release|Xbox 360
		{19321CCC-6A9B-4002-9966-197F960B41D0}.Release|Xbox 360.Build.0 = Release|Xbox 360
		{AE28499E-7D28-42AC-8CE6-4F93753342AD}.Debug|Any CPU.ActiveCfg = Debug|x86
		{AE28499E-7D28-42AC-8CE6-4F93753342AD}.Debug|Mixed Platforms.ActiveCfg = Debug|x86
		{AE28499E-7D28-42AC-8CE6-4F93753342AD}.Debug|Mixed Platforms.Build.0 = Debug|x86
		{AE28499E-7D28-42AC-8CE6-4F93753342AD}.Debug|Win32.ActiveCfg = Debug|x86
		{AE28499E-7D28-42AC-8CE6-4F93753342AD}.Debug|x86.ActiveCfg = Debug|x86
		{AE28499E-7D28-42AC-8CE6-4F93753342AD}.Debug|x86.Build.0 = Debug|x86
		{AE28499E-7D28-42AC-8CE6-4F93753342AD}.Debug|Xbox 360.ActiveCfg = Debug|x86
		{AE28499E-7D28-42AC-8CE6-4F93753342AD}.Release|Any CPU.ActiveCfg = Release|x86
		{AE28499E-7D28-42AC-8CE6-4F93753342AD}.Release|Mixed Platforms.ActiveCfg = Release|x86
		{AE28499E-7D28-42AC-8CE6-4F93753342AD}.Release|Mixed Platforms.Build.0 = Release|x86
		{AE28499E-7D28-42AC-8CE6-4F93753342AD}.Release|Win32.ActiveCfg = Release|x86
		{AE28499E-7D28-42AC-8CE6-4F93753342AD}.Release|x86.ActiveCfg = Release|x86
		{AE28499E-7D28-42AC-8CE6-4F93753342AD}.Release|x86.Build.0 = Release|x86
		{AE28499E-7D28-42AC-8CE6-4F93753342AD}.Release|Xbox 360.ActiveCfg = Release|x86
		{8F9419AA-EA51-4759-BADC-59D984FFA3B3}.Debug|Any CPU.ActiveCfg = Debug|Any CPU
		{8F9419AA-EA51-4759-BADC-59D984FFA3B3}.Debug|Any CPU.Build.0 = Debug|Any CPU
		{8F9419AA-EA51-4759-BADC-59D984FFA3B3}.Debug|Mixed Platforms.ActiveCfg = Debug|Any CPU
		{8F9419AA-EA51-4759-BADC-59D984FFA3B3}.Debug|Mixed Platforms.Build.0 = Debug|Any CPU
		{8F9419AA-EA51-4759-BADC-59D984FFA3B3}.Debug|Win32.ActiveCfg = Debug|Any CPU
		{8F9419AA-EA51-4759-BADC-59D984FFA3B3}.Debug|x86.ActiveCfg = Debug|Any CPU
		{8F9419AA-EA51-4759-BADC-59D984FFA3B3}.Debug|Xbox 360.ActiveCfg = Debug|Any CPU
		{8F9419AA-EA51-4759-BADC-59D984FFA3B3}.Release|Any CPU.ActiveCfg = Release|Any CPU
		{8F9419AA-EA51-4759-BADC-59D984FFA3B3}.Release|Any CPU.Build.0 = Release|Any CPU
		{8F9419AA-EA51-4759-BADC-59D984FFA3B3}.Release|Mixed Platforms.ActiveCfg = Release|Any CPU
		{8F9419AA-EA51-4759-BADC-59D984FFA3B3}.Release|Mixed Platforms.Build.0 = Release|Any CPU
		{8F9419AA-EA51-4759-BADC-59D984FFA3B3}.Release|Win32.ActiveCfg = Release|Any CPU
		{8F9419AA-EA51-4759-BADC-59D984FFA3B3}.Release|x86.ActiveCfg = Release|Any CPU
		{8F9419AA-EA51-4759-BADC-59D984FFA3B3}.Release|Xbox 360.ActiveCfg = Release|Any CPU
		{F3B19A80-1849-45B2-B21D-A9A68E2E47D0}.Debug|Any CPU.ActiveCfg = Debug|Any CPU
		{F3B19A80-1849-45B2-B21D-A9A68E2E47D0}.Debug|Any CPU.Build.0 = Debug|Any CPU
		{F3B19A80-1849-45B2-B21D-A9A68E2E47D0}.Debug|Mixed Platforms.ActiveCfg = Debug|Any CPU
		{F3B19A80-1849-45B2-B21D-A9A68E2E47D0}.Debug|Mixed Platforms.Build.0 = Debug|Any CPU
		{F3B19A80-1849-45B2-B21D-A9A68E2E47D0}.Debug|Win32.ActiveCfg = Debug|Any CPU
		{F3B19A80-1849-45B2-B21D-A9A68E2E47D0}.Debug|x86.ActiveCfg = Debug|Any CPU
		{F3B19A80-1849-45B2-B21D-A9A68E2E47D0}.Debug|Xbox 360.ActiveCfg = Debug|Any CPU
		{F3B19A80-1849-45B2-B21D-A9A68E2E47D0}.Release|Any CPU.ActiveCfg = Release|Any CPU
		{F3B19A80-1849-45B2-B21D-A9A68E2E47D0}.Release|Any CPU.Build.0 = Release|Any CPU
		{F3B19A80-1849-45B2-B21D-A9A68E2E47D0}.Release|Mixed Platforms.ActiveCfg = Release|Any CPU
		{F3B19A80-1849-45B2-B21D-A9A68E2E47D0}.Release|Mixed Platforms.Build.0 = Release|Any CPU
		{F3B19A80-1849-45B2-B21D-A9A68E2E47D0}.Release|Win32.ActiveCfg = Release|Any CPU
		{F3B19A80-1849-45B2-B21D-A9A68E2E47D0}.Release|x86.ActiveCfg = Release|Any CPU
		{F3B19A80-1849-45B2-B21D-A9A68E2E47D0}.Release|Xbox 360.ActiveCfg = Release|Any CPU
		{40CA55CF-4A50-45CB-8166-06DE5F77316F}.Debug|Any CPU.ActiveCfg = Debug|Any CPU
		{40CA55CF-4A50-45CB-8166-06DE5F77316F}.Debug|Any CPU.Build.0 = Debug|Any CPU
		{40CA55CF-4A50-45CB-8166-06DE5F77316F}.Debug|Mixed Platforms.ActiveCfg = Debug|Any CPU
		{40CA55CF-4A50-45CB-8166-06DE5F77316F}.Debug|Mixed Platforms.Build.0 = Debug|Any CPU
		{40CA55CF-4A50-45CB-8166-06DE5F77316F}.Debug|Win32.ActiveCfg = Debug|Any CPU
		{40CA55CF-4A50-45CB-8166-06DE5F77316F}.Debug|x86.ActiveCfg = Debug|Any CPU
		{40CA55CF-4A50-45CB-8166-06DE5F77316F}.Debug|Xbox 360.ActiveCfg = Debug|Any CPU
		{40CA55CF-4A50-45CB-8166-06DE5F77316F}.Release|Any CPU.ActiveCfg = Release|Any CPU
		{40CA55CF-4A50-45CB-8166-06DE5F77316F}.Release|Any CPU.Build.0 = Release|Any CPU
		{40CA55CF-4A50-45CB-8166-06DE5F77316F}.Release|Mixed Platforms.ActiveCfg = Release|Any CPU
		{40CA55CF-4A50-45CB-8166-06DE5F77316F}.Release|Mixed Platforms.Build.0 = Release|Any CPU
		{40CA55CF-4A50-45CB-8166-06DE5F77316F}.Release|Win32.ActiveCfg = Release|Any CPU
		{40CA55CF-4A50-45CB-8166-06DE5F77316F}.Release|x86.ActiveCfg = Release|Any CPU
		{40CA55CF-4A50-45CB-8166-06DE5F77316F}.Release|Xbox 360.ActiveCfg = Release|Any CPU
		{78198102-0C5B-4F8A-A001-CF55747DC044}.Debug|Any CPU.ActiveCfg = Debug|Any CPU
		{78198102-0C5B-4F8A-A001-CF55747DC044}.Debug|Any CPU.Build.0 = Debug|Any CPU
		{78198102-0C5B-4F8A-A001-CF55747DC044}.Debug|Mixed Platforms.ActiveCfg = Debug|Any CPU
		{78198102-0C5B-4F8A-A001-CF55747DC044}.Debug|Mixed Platforms.Build.0 = Debug|Any CPU
		{78198102-0C5B-4F8A-A001-CF55747DC044}.Debug|Win32.ActiveCfg = Debug|Any CPU
		{78198102-0C5B-4F8A-A001-CF55747DC044}.Debug|x86.ActiveCfg = Debug|Any CPU
		{78198102-0C5B-4F8A-A001-CF55747DC044}.Debug|Xbox 360.ActiveCfg = Debug|Any CPU
		{78198102-0C5B-4F8A-A001-CF55747DC044}.Release|Any CPU.ActiveCfg = Release|Any CPU
		{78198102-0C5B-4F8A-A001-CF55747DC044}.Release|Any CPU.Build.0 = Release|Any CPU
		{78198102-0C5B-4F8A-A001-CF55747DC044}.Release|Mixed Platforms.ActiveCfg = Release|Any CPU
		{78198102-0C5B-4F8A-A001-CF55747DC044}.Release|Mixed Platforms.Build.0 = Release|Any CPU
		{78198102-0C5B-4F8A-A001-CF55747DC044}.Release|Win32.ActiveCfg = Release|Any CPU
		{78198102-0C5B-4F8A-A001-CF55747DC044}.Release|x86.ActiveCfg = Release|Any CPU
		{78198102-0C5B-4F8A-A001-CF55747DC044}.Release|Xbox 360.ActiveCfg = Release|Any CPU
		{88F2DDB5-3C4A-4D3D-A9FF-6A5DA19BB9B7}.Debug|Any CPU.ActiveCfg = Debug|Any CPU
		{88F2DDB5-3C4A-4D3D-A9FF-6A5DA19BB9B7}.Debug|Any CPU.Build.0 = Debug|Any CPU
		{88F2DDB5-3C4A-4D3D-A9FF-6A5DA19BB9B7}.Debug|Mixed Platforms.ActiveCfg = Debug|Any CPU
		{88F2DDB5-3C4A-4D3D-A9FF-6A5DA19BB9B7}.Debug|Mixed Platforms.Build.0 = Debug|Any CPU
		{88F2DDB5-3C4A-4D3D-A9FF-6A5DA19BB9B7}.Debug|Win32.ActiveCfg = Debug|Any CPU
		{88F2DDB5-3C4A-4D3D-A9FF-6A5DA19BB9B7}.Debug|x86.ActiveCfg = Debug|Any CPU
		{88F2DDB5-3C4A-4D3D-A9FF-6A5DA19BB9B7}.Debug|Xbox 360.ActiveCfg = Debug|Any CPU
		{88F2DDB5-3C4A-4D3D-A9FF-6A5DA19BB9B7}.Release|Any CPU.ActiveCfg = Release|Any CPU
		{88F2DDB5-3C4A-4D3D-A9FF-6A5DA19BB9B7}.Release|Any CPU.Build.0 = Release|Any CPU
		{88F2DDB5-3C4A-4D3D-A9FF-6A5DA19BB9B7}.Release|Mixed Platforms.ActiveCfg = Release|Any CPU
		{88F2DDB5-3C4A-4D3D-A9FF-6A5DA19BB9B7}.Release|Mixed Platforms.Build.0 = Release|Any CPU
		{88F2DDB5-3C4A-4D3D-A9FF-6A5DA19BB9B7}.Release|Win32.ActiveCfg = Release|Any CPU
		{88F2DDB5-3C4A-4D3D-A9FF-6A5DA19BB9B7}.Release|x86.ActiveCfg = Release|Any CPU
		{88F2DDB5-3C4A-4D3D-A9FF-6A5DA19BB9B7}.Release|Xbox 360.ActiveCfg = Release|Any CPU
		{FBD89143-7A75-4EF8-B697-80446030DFD7}.Debug|Any CPU.ActiveCfg = Debug|Any CPU
		{FBD89143-7A75-4EF8-B697-80446030DFD7}.Debug|Any CPU.Build.0 = Debug|Any CPU
		{FBD89143-7A75-4EF8-B697-80446030DFD7}.Debug|Mixed Platforms.ActiveCfg = Debug|Any CPU
		{FBD89143-7A75-4EF8-B697-80446030DFD7}.Debug|Mixed Platforms.Build.0 = Debug|Any CPU
		{FBD89143-7A75-4EF8-B697-80446030DFD7}.Debug|Win32.ActiveCfg = Debug|Any CPU
		{FBD89143-7A75-4EF8-B697-80446030DFD7}.Debug|x86.ActiveCfg = Debug|Any CPU
		{FBD89143-7A75-4EF8-B697-80446030DFD7}.Debug|Xbox 360.ActiveCfg = Debug|Any CPU
		{FBD89143-7A75-4EF8-B697-80446030DFD7}.Release|Any CPU.ActiveCfg = Release|Any CPU
		{FBD89143-7A75-4EF8-B697-80446030DFD7}.Release|Any CPU.Build.0 = Release|Any CPU
		{FBD89143-7A75-4EF8-B697-80446030DFD7}.Release|Mixed Platforms.ActiveCfg = Release|Any CPU
		{FBD89143-7A75-4EF8-B697-80446030DFD7}.Release|Mixed Platforms.Build.0 = Release|Any CPU
		{FBD89143-7A75-4EF8-B697-80446030DFD7}.Release|Win32.ActiveCfg = Release|Any CPU
		{FBD89143-7A75-4EF8-B697-80446030DFD7}.Release|x86.ActiveCfg = Release|Any CPU
		{FBD89143-7A75-4EF8-B697-80446030DFD7}.Release|Xbox 360.ActiveCfg = Release|Any CPU
		{ED6CFF26-7985-4156-8E04-30D01BA33655}.Debug|Any CPU.ActiveCfg = Debug|Any CPU
		{ED6CFF26-7985-4156-8E04-30D01BA33655}.Debug|Any CPU.Build.0 = Debug|Any CPU
		{ED6CFF26-7985-4156-8E04-30D01BA33655}.Debug|Mixed Platforms.ActiveCfg = Debug|Any CPU
		{ED6CFF26-7985-4156-8E04-30D01BA33655}.Debug|Mixed Platforms.Build.0 = Debug|Any CPU
		{ED6CFF26-7985-4156-8E04-30D01BA33655}.Debug|Win32.ActiveCfg = Debug|Any CPU
		{ED6CFF26-7985-4156-8E04-30D01BA33655}.Debug|x86.ActiveCfg = Debug|Any CPU
		{ED6CFF26-7985-4156-8E04-30D01BA33655}.Debug|Xbox 360.ActiveCfg = Debug|Any CPU
		{ED6CFF26-7985-4156-8E04-30D01BA33655}.Release|Any CPU.ActiveCfg = Release|Any CPU
		{ED6CFF26-7985-4156-8E04-30D01BA33655}.Release|Any CPU.Build.0 = Release|Any CPU
		{ED6CFF26-7985-4156-8E04-30D01BA33655}.Release|Mixed Platforms.ActiveCfg = Release|Any CPU
		{ED6CFF26-7985-4156-8E04-30D01BA33655}.Release|Mixed Platforms.Build.0 = Release|Any CPU
		{ED6CFF26-7985-4156-8E04-30D01BA33655}.Release|Win32.ActiveCfg = Release|Any CPU
		{ED6CFF26-7985-4156-8E04-30D01BA33655}.Release|x86.ActiveCfg = Release|Any CPU
		{ED6CFF26-7985-4156-8E04-30D01BA33655}.Release|Xbox 360.ActiveCfg = Release|Any CPU
		{F10370E7-3F24-4D01-89F3-1341917418F8}.Debug|Any CPU.ActiveCfg = Debug|Xbox 360
		{F10370E7-3F24-4D01-89F3-1341917418F8}.Debug|Mixed Platforms.ActiveCfg = Debug|Xbox 360
		{F10370E7-3F24-4D01-89F3-1341917418F8}.Debug|Mixed Platforms.Build.0 = Debug|Xbox 360
		{F10370E7-3F24-4D01-89F3-1341917418F8}.Debug|Win32.ActiveCfg = Debug|Xbox 360
		{F10370E7-3F24-4D01-89F3-1341917418F8}.Debug|x86.ActiveCfg = Debug|Xbox 360
		{F10370E7-3F24-4D01-89F3-1341917418F8}.Debug|Xbox 360.ActiveCfg = Debug|Xbox 360
		{F10370E7-3F24-4D01-89F3-1341917418F8}.Debug|Xbox 360.Build.0 = Debug|Xbox 360
		{F10370E7-3F24-4D01-89F3-1341917418F8}.Release|Any CPU.ActiveCfg = Release|Xbox 360
		{F10370E7-3F24-4D01-89F3-1341917418F8}.Release|Mixed Platforms.ActiveCfg = Release|Xbox 360
		{F10370E7-3F24-4D01-89F3-1341917418F8}.Release|Mixed Platforms.Build.0 = Release|Xbox 360
		{F10370E7-3F24-4D01-89F3-1341917418F8}.Release|Win32.ActiveCfg = Release|Xbox 360
		{F10370E7-3F24-4D01-89F3-1341917418F8}.Release|x86.ActiveCfg = Release|Xbox 360
		{F10370E7-3F24-4D01-89F3-1341917418F8}.Release|Xbox 360.ActiveCfg = Release|Xbox 360
		{F10370E7-3F24-4D01-89F3-1341917418F8}.Release|Xbox 360.Build.0 = Release|Xbox 360
		{7C3F7EE7-7E67-462B-80C8-588331703AE9}.Debug|Any CPU.ActiveCfg = Debug|Any CPU
		{7C3F7EE7-7E67-462B-80C8-588331703AE9}.Debug|Any CPU.Build.0 = Debug|Any CPU
		{7C3F7EE7-7E67-462B-80C8-588331703AE9}.Debug|Mixed Platforms.ActiveCfg = Debug|Any CPU
		{7C3F7EE7-7E67-462B-80C8-588331703AE9}.Debug|Mixed Platforms.Build.0 = Debug|Any CPU
		{7C3F7EE7-7E67-462B-80C8-588331703AE9}.Debug|Win32.ActiveCfg = Debug|Any CPU
		{7C3F7EE7-7E67-462B-80C8-588331703AE9}.Debug|x86.ActiveCfg = Debug|Any CPU
		{7C3F7EE7-7E67-462B-80C8-588331703AE9}.Debug|Xbox 360.ActiveCfg = Debug|Any CPU
		{7C3F7EE7-7E67-462B-80C8-588331703AE9}.Release|Any CPU.ActiveCfg = Release|Any CPU
		{7C3F7EE7-7E67-462B-80C8-588331703AE9}.Release|Any CPU.Build.0 = Release|Any CPU
		{7C3F7EE7-7E67-462B-80C8-588331703AE9}.Release|Mixed Platforms.ActiveCfg = Release|Any CPU
		{7C3F7EE7-7E67-462B-80C8-588331703AE9}.Release|Mixed Platforms.Build.0 = Release|Any CPU
		{7C3F7EE7-7E67-462B-80C8-588331703AE9}.Release|Win32.ActiveCfg = Release|Any CPU
		{7C3F7EE7-7E67-462B-80C8-588331703AE9}.Release|x86.ActiveCfg = Release|Any CPU
		{7C3F7EE7-7E67-462B-80C8-588331703AE9}.Release|Xbox 360.ActiveCfg = Release|Any CPU
		{610523B4-A5A6-4D3A-A10F-DAFE02D49B9D}.Debug|Any CPU.ActiveCfg = Debug|Xbox 360
		{610523B4-A5A6-4D3A-A10F-DAFE02D49B9D}.Debug|Mixed Platforms.ActiveCfg = Debug|Xbox 360
		{610523B4-A5A6-4D3A-A10F-DAFE02D49B9D}.Debug|Mixed Platforms.Build.0 = Debug|Xbox 360
		{610523B4-A5A6-4D3A-A10F-DAFE02D49B9D}.Debug|Win32.ActiveCfg = Debug|Xbox 360
		{610523B4-A5A6-4D3A-A10F-DAFE02D49B9D}.Debug|x86.ActiveCfg = Debug|Xbox 360
		{610523B4-A5A6-4D3A-A10F-DAFE02D49B9D}.Debug|Xbox 360.ActiveCfg = Debug|Xbox 360
		{610523B4-A5A6-4D3A-A10F-DAFE02D49B9D}.Debug|Xbox 360.Build.0 = Debug|Xbox 360
		{610523B4-A5A6-4D3A-A10F-DAFE02D49B9D}.Release|Any CPU.ActiveCfg = Release|Xbox 360
		{610523B4-A5A6-4D3A-A10F-DAFE02D49B9D}.Release|Mixed Platforms.ActiveCfg = Release|Xbox 360
		{610523B4-A5A6-4D3A-A10F-DAFE02D49B9D}.Release|Mixed Platforms.Build.0 = Release|Xbox 360
		{610523B4-A5A6-4D3A-A10F-DAFE02D49B9D}.Release|Win32.ActiveCfg = Release|Xbox 360
		{610523B4-A5A6-4D3A-A10F-DAFE02D49B9D}.Release|x86.ActiveCfg = Release|Xbox 360
		{610523B4-A5A6-4D3A-A10F-DAFE02D49B9D}.Release|Xbox 360.ActiveCfg = Release|Xbox 360
		{610523B4-A5A6-4D3A-A10F-DAFE02D49B9D}.Release|Xbox 360.Build.0 = Release|Xbox 360
		{D3BA300A-52E1-4231-B224-46296EBD81A1}.Debug|Any CPU.ActiveCfg = Debug|x86
		{D3BA300A-52E1-4231-B224-46296EBD81A1}.Debug|Mixed Platforms.ActiveCfg = Debug|x86
		{D3BA300A-52E1-4231-B224-46296EBD81A1}.Debug|Win32.ActiveCfg = Debug|x86
		{D3BA300A-52E1-4231-B224-46296EBD81A1}.Debug|x86.ActiveCfg = Debug|x86
		{D3BA300A-52E1-4231-B224-46296EBD81A1}.Debug|Xbox 360.ActiveCfg = Debug|x86
		{D3BA300A-52E1-4231-B224-46296EBD81A1}.Release|Any CPU.ActiveCfg = Release|x86
		{D3BA300A-52E1-4231-B224-46296EBD81A1}.Release|Mixed Platforms.ActiveCfg = Release|x86
		{D3BA300A-52E1-4231-B224-46296EBD81A1}.Release|Win32.ActiveCfg = Release|x86
		{D3BA300A-52E1-4231-B224-46296EBD81A1}.Release|x86.ActiveCfg = Release|x86
		{D3BA300A-52E1-4231-B224-46296EBD81A1}.Release|Xbox 360.ActiveCfg = Release|x86
	EndGlobalSection
	GlobalSection(SolutionProperties) = preSolution
		HideSolutionNode = FALSE
	EndGlobalSection
	GlobalSection(NestedProjects) = preSolution
		{F2A9646D-3EA9-4C3E-BE4B-CEF2CE0DCA46} = {60BB74E7-F34F-473F-93B9-2E8B8B14B5BE}
		{621F2E13-789D-4F96-BCDD-1363372AE347} = {60BB74E7-F34F-473F-93B9-2E8B8B14B5BE}
		{7D00610C-17B7-4711-8B09-2224FFBB123E} = {60BB74E7-F34F-473F-93B9-2E8B8B14B5BE}
		{AA72D449-B468-4698-A28D-926E2225FC5A} = {5FF681B1-3EFA-4E08-B591-B935648CEE4C}
		{778DBF59-440B-4317-9808-D5AC892914F3} = {5FF681B1-3EFA-4E08-B591-B935648CEE4C}
		{829D130D-7C4F-424A-AFB1-B9064C4320EA} = {5FF681B1-3EFA-4E08-B591-B935648CEE4C}
		{28DB5D72-71E8-4E92-A1C8-2CC5F45300A9} = {5FF681B1-3EFA-4E08-B591-B935648CEE4C}
		{726180A4-EE3E-478D-A5F9-985F56393AA7} = {778DBF59-440B-4317-9808-D5AC892914F3}
		{B71B0226-0214-4A50-9F10-88F00E86A66A} = {778DBF59-440B-4317-9808-D5AC892914F3}
		{767AFD72-02F7-4543-B193-A2E19645A4B9} = {778DBF59-440B-4317-9808-D5AC892914F3}
		{AE28499E-7D28-42AC-8CE6-4F93753342AD} = {778DBF59-440B-4317-9808-D5AC892914F3}
		{ED6CFF26-7985-4156-8E04-30D01BA33655} = {778DBF59-440B-4317-9808-D5AC892914F3}
		{7C3F7EE7-7E67-462B-80C8-588331703AE9} = {778DBF59-440B-4317-9808-D5AC892914F3}
		{5E3D9108-7C6A-4DF0-A01A-8697645B7FF7} = {829D130D-7C4F-424A-AFB1-B9064C4320EA}
		{7538293E-884D-476E-839C-EC7E3536A43C} = {829D130D-7C4F-424A-AFB1-B9064C4320EA}
		{19321CCC-6A9B-4002-9966-197F960B41D0} = {829D130D-7C4F-424A-AFB1-B9064C4320EA}
		{F10370E7-3F24-4D01-89F3-1341917418F8} = {829D130D-7C4F-424A-AFB1-B9064C4320EA}
		{610523B4-A5A6-4D3A-A10F-DAFE02D49B9D} = {829D130D-7C4F-424A-AFB1-B9064C4320EA}
		{8F9419AA-EA51-4759-BADC-59D984FFA3B3} = {28DB5D72-71E8-4E92-A1C8-2CC5F45300A9}
		{F3B19A80-1849-45B2-B21D-A9A68E2E47D0} = {28DB5D72-71E8-4E92-A1C8-2CC5F45300A9}
		{40CA55CF-4A50-45CB-8166-06DE5F77316F} = {28DB5D72-71E8-4E92-A1C8-2CC5F45300A9}
		{78198102-0C5B-4F8A-A001-CF55747DC044} = {28DB5D72-71E8-4E92-A1C8-2CC5F45300A9}
		{88F2DDB5-3C4A-4D3D-A9FF-6A5DA19BB9B7} = {28DB5D72-71E8-4E92-A1C8-2CC5F45300A9}
		{FBD89143-7A75-4EF8-B697-80446030DFD7} = {28DB5D72-71E8-4E92-A1C8-2CC5F45300A9}
	EndGlobalSection
EndGlobal
