
Microsoft Visual Studio Solution File, Format Version 10.00
# Visual Studio 2008
Project("{8BC9CEB8-8B4A-11D0-8D11-00A0C91BC942}") = "VirtualBicycle.PhysicsEngine", "VirtualBicycle.Physics\VirtualBicycle.Physics.vcproj", "{959485AE-7F9B-4651-BEAB-FB95187621BA}"
EndProject
Project("{FAE04EC0-301F-11D3-BF4B-00C04F79EFBC}") = "Game", "Game\Game.csproj", "{1DA1C1E6-DDD6-4F45-9CF4-7465F4931F2F}"
EndProject
Project("{FAE04EC0-301F-11D3-BF4B-00C04F79EFBC}") = "MainLogic", "MainLogic\MainLogic.csproj", "{D0B4E6C5-76E0-49F6-83C5-4A6D3EA4C89A}"
EndProject
Project("{2150E333-8FDC-42A3-9474-1A3956D46DE8}") = "Tests", "Tests", "{60BB74E7-F34F-473F-93B9-2E8B8B14B5BE}"
EndProject
Project("{FAE04EC0-301F-11D3-BF4B-00C04F79EFBC}") = "BulletTest", "BulletTest\BulletTest.csproj", "{F2A9646D-3EA9-4C3E-BE4B-CEF2CE0DCA46}"
EndProject
Project("{FAE04EC0-301F-11D3-BF4B-00C04F79EFBC}") = "VirtualBicycle.Ide", "VirtualBicycle.Ide\VirtualBicycle.Ide.csproj", "{AA72D449-B468-4698-A28D-926E2225FC5A}"
EndProject
Project("{2150E333-8FDC-42A3-9474-1A3956D46DE8}") = "Engine", "Engine", "{5FF681B1-3EFA-4E08-B591-B935648CEE4C}"
EndProject
Project("{FAE04EC0-301F-11D3-BF4B-00C04F79EFBC}") = "VirtualBicycle.Core", "VirtualBicycle.Core\VirtualBicycle.Core.csproj", "{767AFD72-02F7-4543-B193-A2E19645A4B9}"
EndProject
Project("{FAE04EC0-301F-11D3-BF4B-00C04F79EFBC}") = "VirtualBicycle.Graphics", "VirtualBicycle.Graphics\VirtualBicycle.Graphics.csproj", "{726180A4-EE3E-478D-A5F9-985F56393AA7}"
EndProject
Project("{FAE04EC0-301F-11D3-BF4B-00C04F79EFBC}") = "VirtualBicycle.RenderSystem.D3D", "VirtualBicycle.RenderSystem.D3D\VirtualBicycle.RenderSystem.D3D.csproj", "{B71B0226-0214-4A50-9F10-88F00E86A66A}"
EndProject
Project("{FAE04EC0-301F-11D3-BF4B-00C04F79EFBC}") = "VirtualBicycle.Test.ResourceManagerTest", "VirtualBicycle.Test.ResourceManagerTest\VirtualBicycle.Test.ResourceManagerTest.csproj", "{621F2E13-789D-4F96-BCDD-1363372AE347}"
EndProject
Project("{FAE04EC0-301F-11D3-BF4B-00C04F79EFBC}") = "VirtualBicycle.Test", "VirtualBicycle.Test\VirtualBicycle.Test.csproj", "{7D00610C-17B7-4711-8B09-2224FFBB123E}"
EndProject
Project("{2150E333-8FDC-42A3-9474-1A3956D46DE8}") = "PC", "PC", "{778DBF59-440B-4317-9808-D5AC892914F3}"
EndProject
Project("{2150E333-8FDC-42A3-9474-1A3956D46DE8}") = "XBox", "XBox", "{829D130D-7C4F-424A-AFB1-B9064C4320EA}"
EndProject
Project("{FAE04EC0-301F-11D3-BF4B-00C04F79EFBC}") = "VirtualBicycle.CoreX", "VirtualBicycle.Core\VirtualBicycle.CoreX.csproj", "{5E3D9108-7C6A-4DF0-A01A-8697645B7FF7}"
EndProject
Project("{FAE04EC0-301F-11D3-BF4B-00C04F79EFBC}") = "VirtualBicycle.GraphicsX", "VirtualBicycle.Graphics\VirtualBicycle.GraphicsX.csproj", "{7538293E-884D-476E-839C-EC7E3536A43C}"
EndProject
Project("{FAE04EC0-301F-11D3-BF4B-00C04F79EFBC}") = "VirtualBicycle.RenderSystem.Xna.XBox", "VirtualBicycle.RenderSystem.Xna\VirtualBicycle.RenderSystem.Xna.XBox.csproj", "{19321CCC-6A9B-4002-9966-197F960B41D0}"
EndProject
Project("{FAE04EC0-301F-11D3-BF4B-00C04F79EFBC}") = "VirtualBicycle.RenderSystem.Xna.PC", "VirtualBicycle.RenderSystem.Xna\VirtualBicycle.RenderSystem.Xna.PC.csproj", "{AE28499E-7D28-42AC-8CE6-4F93753342AD}"
EndProject
Project("{2150E333-8FDC-42A3-9474-1A3956D46DE8}") = "IDEPlugins", "IDEPlugins", "{28DB5D72-71E8-4E92-A1C8-2CC5F45300A9}"
EndProject
Project("{FAE04EC0-301F-11D3-BF4B-00C04F79EFBC}") = "Plugin.GISConverter", "IDEPlugins\Plugin.GISConverter\Plugin.GISConverter.csproj", "{8F9419AA-EA51-4759-BADC-59D984FFA3B3}"
EndProject
Global
	GlobalSection(SolutionConfigurationPlatforms) = preSolution
		Debug|Any CPU = Debug|Any CPU
		Debug|Mixed Platforms = Debug|Mixed Platforms
		Debug|Win32 = Debug|Win32
		Debug|x86 = Debug|x86
		Debug|Xbox 360 = Debug|Xbox 360
		Release|Any CPU = Release|Any CPU
		Release|Mixed Platforms = Release|Mixed Platforms
		Release|Win32 = Release|Win32
		Release|x86 = Release|x86
		Release|Xbox 360 = Release|Xbox 360
	EndGlobalSection
	GlobalSection(ProjectConfigurationPlatforms) = postSolution
		{959485AE-7F9B-4651-BEAB-FB95187621BA}.Debug|Any CPU.ActiveCfg = Debug|Win32
		{959485AE-7F9B-4651-BEAB-FB95187621BA}.Debug|Mixed Platforms.ActiveCfg = Debug|Win32
		{959485AE-7F9B-4651-BEAB-FB95187621BA}.Debug|Mixed Platforms.Build.0 = Debug|Win32
		{959485AE-7F9B-4651-BEAB-FB95187621BA}.Debug|Win32.ActiveCfg = Debug|Win32
		{959485AE-7F9B-4651-BEAB-FB95187621BA}.Debug|Win32.Build.0 = Debug|Win32
		{959485AE-7F9B-4651-BEAB-FB95187621BA}.Debug|x86.ActiveCfg = Debug|Win32
		{959485AE-7F9B-4651-BEAB-FB95187621BA}.Debug|Xbox 360.ActiveCfg = Debug|Win32
		{959485AE-7F9B-4651-BEAB-FB95187621BA}.Release|Any CPU.ActiveCfg = Release|Win32
		{959485AE-7F9B-4651-BEAB-FB95187621BA}.Release|Mixed Platforms.ActiveCfg = Release|Win32
		{959485AE-7F9B-4651-BEAB-FB95187621BA}.Release|Mixed Platforms.Build.0 = Release|Win32
		{959485AE-7F9B-4651-BEAB-FB95187621BA}.Release|Win32.ActiveCfg = Release|Win32
		{959485AE-7F9B-4651-BEAB-FB95187621BA}.Release|Win32.Build.0 = Release|Win32
		{959485AE-7F9B-4651-BEAB-FB95187621BA}.Release|x86.ActiveCfg = Release|Win32
		{959485AE-7F9B-4651-BEAB-FB95187621BA}.Release|Xbox 360.ActiveCfg = Release|Win32
		{1DA1C1E6-DDD6-4F45-9CF4-7465F4931F2F}.Debug|Any CPU.ActiveCfg = Debug|Any CPU
		{1DA1C1E6-DDD6-4F45-9CF4-7465F4931F2F}.Debug|Any CPU.Build.0 = Debug|Any CPU
		{1DA1C1E6-DDD6-4F45-9CF4-7465F4931F2F}.Debug|Mixed Platforms.ActiveCfg = Debug|Any CPU
		{1DA1C1E6-DDD6-4F45-9CF4-7465F4931F2F}.Debug|Mixed Platforms.Build.0 = Debug|Any CPU
		{1DA1C1E6-DDD6-4F45-9CF4-7465F4931F2F}.Debug|Win32.ActiveCfg = Debug|Any CPU
		{1DA1C1E6-DDD6-4F45-9CF4-7465F4931F2F}.Debug|x86.ActiveCfg = Debug|Any CPU
		{1DA1C1E6-DDD6-4F45-9CF4-7465F4931F2F}.Debug|Xbox 360.ActiveCfg = Debug|Any CPU
		{1DA1C1E6-DDD6-4F45-9CF4-7465F4931F2F}.Release|Any CPU.ActiveCfg = Release|Any CPU
		{1DA1C1E6-DDD6-4F45-9CF4-7465F4931F2F}.Release|Any CPU.Build.0 = Release|Any CPU
		{1DA1C1E6-DDD6-4F45-9CF4-7465F4931F2F}.Release|Mixed Platforms.ActiveCfg = Release|Any CPU
		{1DA1C1E6-DDD6-4F45-9CF4-7465F4931F2F}.Release|Mixed Platforms.Build.0 = Release|Any CPU
		{1DA1C1E6-DDD6-4F45-9CF4-7465F4931F2F}.Release|Win32.ActiveCfg = Release|Any CPU
		{1DA1C1E6-DDD6-4F45-9CF4-7465F4931F2F}.Release|x86.ActiveCfg = Release|Any CPU
		{1DA1C1E6-DDD6-4F45-9CF4-7465F4931F2F}.Release|Xbox 360.ActiveCfg = Release|Any CPU
		{D0B4E6C5-76E0-49F6-83C5-4A6D3EA4C89A}.Debug|Any CPU.ActiveCfg = Debug|Any CPU
		{D0B4E6C5-76E0-49F6-83C5-4A6D3EA4C89A}.Debug|Any CPU.Build.0 = Debug|Any CPU
		{D0B4E6C5-76E0-49F6-83C5-4A6D3EA4C89A}.Debug|Mixed Platforms.ActiveCfg = Debug|Any CPU
		{D0B4E6C5-76E0-49F6-83C5-4A6D3EA4C89A}.Debug|Mixed Platforms.Build.0 = Debug|Any CPU
		{D0B4E6C5-76E0-49F6-83C5-4A6D3EA4C89A}.Debug|Win32.ActiveCfg = Debug|Any CPU
		{D0B4E6C5-76E0-49F6-83C5-4A6D3EA4C89A}.Debug|x86.ActiveCfg = Debug|Any CPU
		{D0B4E6C5-76E0-49F6-83C5-4A6D3EA4C89A}.Debug|Xbox 360.ActiveCfg = Debug|Any CPU
		{D0B4E6C5-76E0-49F6-83C5-4A6D3EA4C89A}.Release|Any CPU.ActiveCfg = Release|Any CPU
		{D0B4E6C5-76E0-49F6-83C5-4A6D3EA4C89A}.Release|Any CPU.Build.0 = Release|Any CPU
		{D0B4E6C5-76E0-49F6-83C5-4A6D3EA4C89A}.Release|Mixed Platforms.ActiveCfg = Release|Any CPU
		{D0B4E6C5-76E0-49F6-83C5-4A6D3EA4C89A}.Release|Mixed Platforms.Build.0 = Release|Any CPU
		{D0B4E6C5-76E0-49F6-83C5-4A6D3EA4C89A}.Release|Win32.ActiveCfg = Release|Any CPU
		{D0B4E6C5-76E0-49F6-83C5-4A6D3EA4C89A}.Release|x86.ActiveCfg = Release|Any CPU
		{D0B4E6C5-76E0-49F6-83C5-4A6D3EA4C89A}.Release|Xbox 360.ActiveCfg = Release|Any CPU
		{F2A9646D-3EA9-4C3E-BE4B-CEF2CE0DCA46}.Debug|Any CPU.ActiveCfg = Debug|Any CPU
		{F2A9646D-3EA9-4C3E-BE4B-CEF2CE0DCA46}.Debug|Any CPU.Build.0 = Debug|Any CPU
		{F2A9646D-3EA9-4C3E-BE4B-CEF2CE0DCA46}.Debug|Mixed Platforms.ActiveCfg = Debug|Any CPU
		{F2A9646D-3EA9-4C3E-BE4B-CEF2CE0DCA46}.Debug|Mixed Platforms.Build.0 = Debug|Any CPU
		{F2A9646D-3EA9-4C3E-BE4B-CEF2CE0DCA46}.Debug|Win32.ActiveCfg = Debug|Any CPU
		{F2A9646D-3EA9-4C3E-BE4B-CEF2CE0DCA46}.Debug|x86.ActiveCfg = Debug|Any CPU
		{F2A9646D-3EA9-4C3E-BE4B-CEF2CE0DCA46}.Debug|Xbox 360.ActiveCfg = Debug|Any CPU
		{F2A9646D-3EA9-4C3E-BE4B-CEF2CE0DCA46}.Release|Any CPU.ActiveCfg = Release|Any CPU
		{F2A9646D-3EA9-4C3E-BE4B-CEF2CE0DCA46}.Release|Any CPU.Build.0 = Release|Any CPU
		{F2A9646D-3EA9-4C3E-BE4B-CEF2CE0DCA46}.Release|Mixed Platforms.ActiveCfg = Release|Any CPU
		{F2A9646D-3EA9-4C3E-BE4B-CEF2CE0DCA46}.Release|Mixed Platforms.Build.0 = Release|Any CPU
		{F2A9646D-3EA9-4C3E-BE4B-CEF2CE0DCA46}.Release|Win32.ActiveCfg = Release|Any CPU
		{F2A9646D-3EA9-4C3E-BE4B-CEF2CE0DCA46}.Release|x86.ActiveCfg = Release|Any CPU
		{F2A9646D-3EA9-4C3E-BE4B-CEF2CE0DCA46}.Release|Xbox 360.ActiveCfg = Release|Any CPU
		{AA72D449-B468-4698-A28D-926E2225FC5A}.Debug|Any CPU.ActiveCfg = Debug|Any CPU
		{AA72D449-B468-4698-A28D-926E2225FC5A}.Debug|Any CPU.Build.0 = Debug|Any CPU
		{AA72D449-B468-4698-A28D-926E2225FC5A}.Debug|Mixed Platforms.ActiveCfg = Debug|Any CPU
		{AA72D449-B468-4698-A28D-926E2225FC5A}.Debug|Mixed Platforms.Build.0 = Debug|Any CPU
		{AA72D449-B468-4698-A28D-926E2225FC5A}.Debug|Win32.ActiveCfg = Debug|Any CPU
		{AA72D449-B468-4698-A28D-926E2225FC5A}.Debug|x86.ActiveCfg = Debug|Any CPU
		{AA72D449-B468-4698-A28D-926E2225FC5A}.Debug|Xbox 360.ActiveCfg = Debug|Any CPU
		{AA72D449-B468-4698-A28D-926E2225FC5A}.Release|Any CPU.ActiveCfg = Release|Any CPU
		{AA72D449-B468-4698-A28D-926E2225FC5A}.Release|Any CPU.Build.0 = Release|Any CPU
		{AA72D449-B468-4698-A28D-926E2225FC5A}.Release|Mixed Platforms.ActiveCfg = Release|Any CPU
		{AA72D449-B468-4698-A28D-926E2225FC5A}.Release|Mixed Platforms.Build.0 = Release|Any CPU
		{AA72D449-B468-4698-A28D-926E2225FC5A}.Release|Win32.ActiveCfg = Release|Any CPU
		{AA72D449-B468-4698-A28D-926E2225FC5A}.Release|x86.ActiveCfg = Release|Any CPU
		{AA72D449-B468-4698-A28D-926E2225FC5A}.Release|Xbox 360.ActiveCfg = Release|Any CPU
		{767AFD72-02F7-4543-B193-A2E19645A4B9}.Debug|Any CPU.ActiveCfg = Debug|Any CPU
		{767AFD72-02F7-4543-B193-A2E19645A4B9}.Debug|Any CPU.Build.0 = Debug|Any CPU
		{767AFD72-02F7-4543-B193-A2E19645A4B9}.Debug|Mixed Platforms.ActiveCfg = Debug|Any CPU
		{767AFD72-02F7-4543-B193-A2E19645A4B9}.Debug|Mixed Platforms.Build.0 = Debug|Any CPU
		{767AFD72-02F7-4543-B193-A2E19645A4B9}.Debug|Win32.ActiveCfg = Debug|Any CPU
		{767AFD72-02F7-4543-B193-A2E19645A4B9}.Debug|x86.ActiveCfg = Debug|Any CPU
		{767AFD72-02F7-4543-B193-A2E19645A4B9}.Debug|Xbox 360.ActiveCfg = Debug|Any CPU
		{767AFD72-02F7-4543-B193-A2E19645A4B9}.Release|Any CPU.ActiveCfg = Release|Any CPU
		{767AFD72-02F7-4543-B193-A2E19645A4B9}.Release|Any CPU.Build.0 = Release|Any CPU
		{767AFD72-02F7-4543-B193-A2E19645A4B9}.Release|Mixed Platforms.ActiveCfg = Release|Any CPU
		{767AFD72-02F7-4543-B193-A2E19645A4B9}.Release|Mixed Platforms.Build.0 = Release|Any CPU
		{767AFD72-02F7-4543-B193-A2E19645A4B9}.Release|Win32.ActiveCfg = Release|Any CPU
		{767AFD72-02F7-4543-B193-A2E19645A4B9}.Release|x86.ActiveCfg = Release|Any CPU
		{767AFD72-02F7-4543-B193-A2E19645A4B9}.Release|Xbox 360.ActiveCfg = Release|Any CPU
		{726180A4-EE3E-478D-A5F9-985F56393AA7}.Debug|Any CPU.ActiveCfg = Debug|Any CPU
		{726180A4-EE3E-478D-A5F9-985F56393AA7}.Debug|Any CPU.Build.0 = Debug|Any CPU
		{726180A4-EE3E-478D-A5F9-985F56393AA7}.Debug|Mixed Platforms.ActiveCfg = Debug|Any CPU
		{726180A4-EE3E-478D-A5F9-985F56393AA7}.Debug|Mixed Platforms.Build.0 = Debug|Any CPU
		{726180A4-EE3E-478D-A5F9-985F56393AA7}.Debug|Win32.ActiveCfg = Debug|Any CPU
		{726180A4-EE3E-478D-A5F9-985F56393AA7}.Debug|x86.ActiveCfg = Debug|Any CPU
		{726180A4-EE3E-478D-A5F9-985F56393AA7}.Debug|Xbox 360.ActiveCfg = Debug|Any CPU
		{726180A4-EE3E-478D-A5F9-985F56393AA7}.Release|Any CPU.ActiveCfg = Release|Any CPU
		{726180A4-EE3E-478D-A5F9-985F56393AA7}.Release|Any CPU.Build.0 = Release|Any CPU
		{726180A4-EE3E-478D-A5F9-985F56393AA7}.Release|Mixed Platforms.ActiveCfg = Release|Any CPU
		{726180A4-EE3E-478D-A5F9-985F56393AA7}.Release|Mixed Platforms.Build.0 = Release|Any CPU
		{726180A4-EE3E-478D-A5F9-985F56393AA7}.Release|Win32.ActiveCfg = Release|Any CPU
		{726180A4-EE3E-478D-A5F9-985F56393AA7}.Release|x86.ActiveCfg = Release|Any CPU
		{726180A4-EE3E-478D-A5F9-985F56393AA7}.Release|Xbox 360.ActiveCfg = Release|Any CPU
		{B71B0226-0214-4A50-9F10-88F00E86A66A}.Debug|Any CPU.ActiveCfg = Debug|Any CPU
		{B71B0226-0214-4A50-9F10-88F00E86A66A}.Debug|Any CPU.Build.0 = Debug|Any CPU
		{B71B0226-0214-4A50-9F10-88F00E86A66A}.Debug|Mixed Platforms.ActiveCfg = Debug|Any CPU
		{B71B0226-0214-4A50-9F10-88F00E86A66A}.Debug|Mixed Platforms.Build.0 = Debug|Any CPU
		{B71B0226-0214-4A50-9F10-88F00E86A66A}.Debug|Win32.ActiveCfg = Debug|Any CPU
		{B71B0226-0214-4A50-9F10-88F00E86A66A}.Debug|x86.ActiveCfg = Debug|Any CPU
		{B71B0226-0214-4A50-9F10-88F00E86A66A}.Debug|Xbox 360.ActiveCfg = Debug|Any CPU
		{B71B0226-0214-4A50-9F10-88F00E86A66A}.Release|Any CPU.ActiveCfg = Release|Any CPU
		{B71B0226-0214-4A50-9F10-88F00E86A66A}.Release|Any CPU.Build.0 = Release|Any CPU
		{B71B0226-0214-4A50-9F10-88F00E86A66A}.Release|Mixed Platforms.ActiveCfg = Release|Any CPU
		{B71B0226-0214-4A50-9F10-88F00E86A66A}.Release|Mixed Platforms.Build.0 = Release|Any CPU
		{B71B0226-0214-4A50-9F10-88F00E86A66A}.Release|Win32.ActiveCfg = Release|Any CPU
		{B71B0226-0214-4A50-9F10-88F00E86A66A}.Release|x86.ActiveCfg = Release|Any CPU
		{B71B0226-0214-4A50-9F10-88F00E86A66A}.Release|Xbox 360.ActiveCfg = Release|Any CPU
		{621F2E13-789D-4F96-BCDD-1363372AE347}.Debug|Any CPU.ActiveCfg = Debug|Any CPU
		{621F2E13-789D-4F96-BCDD-1363372AE347}.Debug|Any CPU.Build.0 = Debug|Any CPU
		{621F2E13-789D-4F96-BCDD-1363372AE347}.Debug|Mixed Platforms.ActiveCfg = Debug|Any CPU
		{621F2E13-789D-4F96-BCDD-1363372AE347}.Debug|Mixed Platforms.Build.0 = Debug|Any CPU
		{621F2E13-789D-4F96-BCDD-1363372AE347}.Debug|Win32.ActiveCfg = Debug|Any CPU
		{621F2E13-789D-4F96-BCDD-1363372AE347}.Debug|x86.ActiveCfg = Debug|Any CPU
		{621F2E13-789D-4F96-BCDD-1363372AE347}.Debug|Xbox 360.ActiveCfg = Debug|Any CPU
		{621F2E13-789D-4F96-BCDD-1363372AE347}.Release|Any CPU.ActiveCfg = Release|Any CPU
		{621F2E13-789D-4F96-BCDD-1363372AE347}.Release|Any CPU.Build.0 = Release|Any CPU
		{621F2E13-789D-4F96-BCDD-1363372AE347}.Release|Mixed Platforms.ActiveCfg = Release|Any CPU
		{621F2E13-789D-4F96-BCDD-1363372AE347}.Release|Mixed Platforms.Build.0 = Release|Any CPU
		{621F2E13-789D-4F96-BCDD-1363372AE347}.Release|Win32.ActiveCfg = Release|Any CPU
		{621F2E13-789D-4F96-BCDD-1363372AE347}.Release|x86.ActiveCfg = Release|Any CPU
		{621F2E13-789D-4F96-BCDD-1363372AE347}.Release|Xbox 360.ActiveCfg = Release|Any CPU
		{7D00610C-17B7-4711-8B09-2224FFBB123E}.Debug|Any CPU.ActiveCfg = Debug|Any CPU
		{7D00610C-17B7-4711-8B09-2224FFBB123E}.Debug|Any CPU.Build.0 = Debug|Any CPU
		{7D00610C-17B7-4711-8B09-2224FFBB123E}.Debug|Mixed Platforms.ActiveCfg = Debug|Any CPU
		{7D00610C-17B7-4711-8B09-2224FFBB123E}.Debug|Mixed Platforms.Build.0 = Debug|Any CPU
		{7D00610C-17B7-4711-8B09-2224FFBB123E}.Debug|Win32.ActiveCfg = Debug|Any CPU
		{7D00610C-17B7-4711-8B09-2224FFBB123E}.Debug|x86.ActiveCfg = Debug|Any CPU
		{7D00610C-17B7-4711-8B09-2224FFBB123E}.Debug|Xbox 360.ActiveCfg = Debug|Any CPU
		{7D00610C-17B7-4711-8B09-2224FFBB123E}.Release|Any CPU.ActiveCfg = Release|Any CPU
		{7D00610C-17B7-4711-8B09-2224FFBB123E}.Release|Any CPU.Build.0 = Release|Any CPU
		{7D00610C-17B7-4711-8B09-2224FFBB123E}.Release|Mixed Platforms.ActiveCfg = Release|Any CPU
		{7D00610C-17B7-4711-8B09-2224FFBB123E}.Release|Mixed Platforms.Build.0 = Release|Any CPU
		{7D00610C-17B7-4711-8B09-2224FFBB123E}.Release|Win32.ActiveCfg = Release|Any CPU
		{7D00610C-17B7-4711-8B09-2224FFBB123E}.Release|x86.ActiveCfg = Release|Any CPU
		{7D00610C-17B7-4711-8B09-2224FFBB123E}.Release|Xbox 360.ActiveCfg = Release|Any CPU
		{5E3D9108-7C6A-4DF0-A01A-8697645B7FF7}.Debug|Any CPU.ActiveCfg = Debug|Xbox 360
		{5E3D9108-7C6A-4DF0-A01A-8697645B7FF7}.Debug|Mixed Platforms.ActiveCfg = Debug|Xbox 360
		{5E3D9108-7C6A-4DF0-A01A-8697645B7FF7}.Debug|Mixed Platforms.Build.0 = Debug|Xbox 360
		{5E3D9108-7C6A-4DF0-A01A-8697645B7FF7}.Debug|Win32.ActiveCfg = Debug|Xbox 360
		{5E3D9108-7C6A-4DF0-A01A-8697645B7FF7}.Debug|x86.ActiveCfg = Debug|Xbox 360
		{5E3D9108-7C6A-4DF0-A01A-8697645B7FF7}.Debug|Xbox 360.ActiveCfg = Debug|Xbox 360
		{5E3D9108-7C6A-4DF0-A01A-8697645B7FF7}.Debug|Xbox 360.Build.0 = Debug|Xbox 360
		{5E3D9108-7C6A-4DF0-A01A-8697645B7FF7}.Release|Any CPU.ActiveCfg = Release|Xbox 360
		{5E3D9108-7C6A-4DF0-A01A-8697645B7FF7}.Release|Mixed Platforms.ActiveCfg = Release|Xbox 360
		{5E3D9108-7C6A-4DF0-A01A-8697645B7FF7}.Release|Mixed Platforms.Build.0 = Release|Xbox 360
		{5E3D9108-7C6A-4DF0-A01A-8697645B7FF7}.Release|Win32.ActiveCfg = Release|Xbox 360
		{5E3D9108-7C6A-4DF0-A01A-8697645B7FF7}.Release|x86.ActiveCfg = Release|Xbox 360
		{5E3D9108-7C6A-4DF0-A01A-8697645B7FF7}.Release|Xbox 360.ActiveCfg = Release|Xbox 360
		{5E3D9108-7C6A-4DF0-A01A-8697645B7FF7}.Release|Xbox 360.Build.0 = Release|Xbox 360
		{7538293E-884D-476E-839C-EC7E3536A43C}.Debug|Any CPU.ActiveCfg = Debug|Xbox 360
		{7538293E-884D-476E-839C-EC7E3536A43C}.Debug|Mixed Platforms.ActiveCfg = Debug|Xbox 360
		{7538293E-884D-476E-839C-EC7E3536A43C}.Debug|Mixed Platforms.Build.0 = Debug|Xbox 360
		{7538293E-884D-476E-839C-EC7E3536A43C}.Debug|Win32.ActiveCfg = Debug|Xbox 360
		{7538293E-884D-476E-839C-EC7E3536A43C}.Debug|x86.ActiveCfg = Debug|Xbox 360
		{7538293E-884D-476E-839C-EC7E3536A43C}.Debug|Xbox 360.ActiveCfg = Debug|Xbox 360
		{7538293E-884D-476E-839C-EC7E3536A43C}.Debug|Xbox 360.Build.0 = Debug|Xbox 360
		{7538293E-884D-476E-839C-EC7E3536A43C}.Release|Any CPU.ActiveCfg = Release|Xbox 360
		{7538293E-884D-476E-839C-EC7E3536A43C}.Release|Mixed Platforms.ActiveCfg = Release|Xbox 360
		{7538293E-884D-476E-839C-EC7E3536A43C}.Release|Mixed Platforms.Build.0 = Release|Xbox 360
		{7538293E-884D-476E-839C-EC7E3536A43C}.Release|Win32.ActiveCfg = Release|Xbox 360
		{7538293E-884D-476E-839C-EC7E3536A43C}.Release|x86.ActiveCfg = Release|Xbox 360
		{7538293E-884D-476E-839C-EC7E3536A43C}.Release|Xbox 360.ActiveCfg = Release|Xbox 360
		{7538293E-884D-476E-839C-EC7E3536A43C}.Release|Xbox 360.Build.0 = Release|Xbox 360
		{19321CCC-6A9B-4002-9966-197F960B41D0}.Debug|Any CPU.ActiveCfg = Debug|Xbox 360
		{19321CCC-6A9B-4002-9966-197F960B41D0}.Debug|Mixed Platforms.ActiveCfg = Debug|Xbox 360
		{19321CCC-6A9B-4002-9966-197F960B41D0}.Debug|Mixed Platforms.Build.0 = Debug|Xbox 360
		{19321CCC-6A9B-4002-9966-197F960B41D0}.Debug|Win32.ActiveCfg = Debug|Xbox 360
		{19321CCC-6A9B-4002-9966-197F960B41D0}.Debug|x86.ActiveCfg = Debug|Xbox 360
		{19321CCC-6A9B-4002-9966-197F960B41D0}.Debug|Xbox 360.ActiveCfg = Debug|Xbox 360
		{19321CCC-6A9B-4002-9966-197F960B41D0}.Debug|Xbox 360.Build.0 = Debug|Xbox 360
		{19321CCC-6A9B-4002-9966-197F960B41D0}.Release|Any CPU.ActiveCfg = Release|Xbox 360
		{19321CCC-6A9B-4002-9966-197F960B41D0}.Release|Mixed Platforms.ActiveCfg = Release|Xbox 360
		{19321CCC-6A9B-4002-9966-197F960B41D0}.Release|Mixed Platforms.Build.0 = Release|Xbox 360
		{19321CCC-6A9B-4002-9966-197F960B41D0}.Release|Win32.ActiveCfg = Release|Xbox 360
		{19321CCC-6A9B-4002-9966-197F960B41D0}.Release|x86.ActiveCfg = Release|Xbox 360
		{19321CCC-6A9B-4002-9966-197F960B41D0}.Release|Xbox 360.ActiveCfg = Release|Xbox 360
		{19321CCC-6A9B-4002-9966-197F960B41D0}.Release|Xbox 360.Build.0 = Release|Xbox 360
		{AE28499E-7D28-42AC-8CE6-4F93753342AD}.Debug|Any CPU.ActiveCfg = Debug|x86
		{AE28499E-7D28-42AC-8CE6-4F93753342AD}.Debug|Mixed Platforms.ActiveCfg = Debug|x86
		{AE28499E-7D28-42AC-8CE6-4F93753342AD}.Debug|Mixed Platforms.Build.0 = Debug|x86
		{AE28499E-7D28-42AC-8CE6-4F93753342AD}.Debug|Win32.ActiveCfg = Debug|x86
		{AE28499E-7D28-42AC-8CE6-4F93753342AD}.Debug|x86.ActiveCfg = Debug|x86
		{AE28499E-7D28-42AC-8CE6-4F93753342AD}.Debug|x86.Build.0 = Debug|x86
		{AE28499E-7D28-42AC-8CE6-4F93753342AD}.Debug|Xbox 360.ActiveCfg = Debug|x86
		{AE28499E-7D28-42AC-8CE6-4F93753342AD}.Release|Any CPU.ActiveCfg = Release|x86
		{AE28499E-7D28-42AC-8CE6-4F93753342AD}.Release|Mixed Platforms.ActiveCfg = Release|x86
		{AE28499E-7D28-42AC-8CE6-4F93753342AD}.Release|Mixed Platforms.Build.0 = Release|x86
		{AE28499E-7D28-42AC-8CE6-4F93753342AD}.Release|Win32.ActiveCfg = Release|x86
		{AE28499E-7D28-42AC-8CE6-4F93753342AD}.Release|x86.ActiveCfg = Release|x86
		{AE28499E-7D28-42AC-8CE6-4F93753342AD}.Release|x86.Build.0 = Release|x86
		{AE28499E-7D28-42AC-8CE6-4F93753342AD}.Release|Xbox 360.ActiveCfg = Release|x86
		{D3BA300A-52E1-4231-B224-46296EBD81A1}.Debug|Any CPU.ActiveCfg = Debug|x86
		{D3BA300A-52E1-4231-B224-46296EBD81A1}.Debug|Mixed Platforms.ActiveCfg = Debug|x86
		{D3BA300A-52E1-4231-B224-46296EBD81A1}.Debug|Win32.ActiveCfg = Debug|x86
		{D3BA300A-52E1-4231-B224-46296EBD81A1}.Debug|x86.ActiveCfg = Debug|x86
		{D3BA300A-52E1-4231-B224-46296EBD81A1}.Debug|Xbox 360.ActiveCfg = Debug|x86
		{D3BA300A-52E1-4231-B224-46296EBD81A1}.Release|Any CPU.ActiveCfg = Release|x86
		{D3BA300A-52E1-4231-B224-46296EBD81A1}.Release|Mixed Platforms.ActiveCfg = Release|x86
		{D3BA300A-52E1-4231-B224-46296EBD81A1}.Release|Win32.ActiveCfg = Release|x86
		{D3BA300A-52E1-4231-B224-46296EBD81A1}.Release|x86.ActiveCfg = Release|x86
		{D3BA300A-52E1-4231-B224-46296EBD81A1}.Release|Xbox 360.ActiveCfg = Release|x86
		{8F9419AA-EA51-4759-BADC-59D984FFA3B3}.Debug|Any CPU.ActiveCfg = Debug|Any CPU
		{8F9419AA-EA51-4759-BADC-59D984FFA3B3}.Debug|Any CPU.Build.0 = Debug|Any CPU
		{8F9419AA-EA51-4759-BADC-59D984FFA3B3}.Debug|Mixed Platforms.ActiveCfg = Debug|Any CPU
		{8F9419AA-EA51-4759-BADC-59D984FFA3B3}.Debug|Mixed Platforms.Build.0 = Debug|Any CPU
		{8F9419AA-EA51-4759-BADC-59D984FFA3B3}.Debug|Win32.ActiveCfg = Debug|Any CPU
		{8F9419AA-EA51-4759-BADC-59D984FFA3B3}.Debug|x86.ActiveCfg = Debug|Any CPU
		{8F9419AA-EA51-4759-BADC-59D984FFA3B3}.Debug|Xbox 360.ActiveCfg = Debug|Any CPU
		{8F9419AA-EA51-4759-BADC-59D984FFA3B3}.Release|Any CPU.ActiveCfg = Release|Any CPU
		{8F9419AA-EA51-4759-BADC-59D984FFA3B3}.Release|Any CPU.Build.0 = Release|Any CPU
		{8F9419AA-EA51-4759-BADC-59D984FFA3B3}.Release|Mixed Platforms.ActiveCfg = Release|Any CPU
		{8F9419AA-EA51-4759-BADC-59D984FFA3B3}.Release|Mixed Platforms.Build.0 = Release|Any CPU
		{8F9419AA-EA51-4759-BADC-59D984FFA3B3}.Release|Win32.ActiveCfg = Release|Any CPU
		{8F9419AA-EA51-4759-BADC-59D984FFA3B3}.Release|x86.ActiveCfg = Release|Any CPU
		{8F9419AA-EA51-4759-BADC-59D984FFA3B3}.Release|Xbox 360.ActiveCfg = Release|Any CPU
	EndGlobalSection
	GlobalSection(SolutionProperties) = preSolution
		HideSolutionNode = FALSE
	EndGlobalSection
	GlobalSection(NestedProjects) = preSolution
		{AA72D449-B468-4698-A28D-926E2225FC5A} = {5FF681B1-3EFA-4E08-B591-B935648CEE4C}
		{778DBF59-440B-4317-9808-D5AC892914F3} = {5FF681B1-3EFA-4E08-B591-B935648CEE4C}
		{829D130D-7C4F-424A-AFB1-B9064C4320EA} = {5FF681B1-3EFA-4E08-B591-B935648CEE4C}
		{28DB5D72-71E8-4E92-A1C8-2CC5F45300A9} = {5FF681B1-3EFA-4E08-B591-B935648CEE4C}
		{F2A9646D-3EA9-4C3E-BE4B-CEF2CE0DCA46} = {60BB74E7-F34F-473F-93B9-2E8B8B14B5BE}
		{621F2E13-789D-4F96-BCDD-1363372AE347} = {60BB74E7-F34F-473F-93B9-2E8B8B14B5BE}
		{7D00610C-17B7-4711-8B09-2224FFBB123E} = {60BB74E7-F34F-473F-93B9-2E8B8B14B5BE}
		{767AFD72-02F7-4543-B193-A2E19645A4B9} = {778DBF59-440B-4317-9808-D5AC892914F3}
		{726180A4-EE3E-478D-A5F9-985F56393AA7} = {778DBF59-440B-4317-9808-D5AC892914F3}
		{B71B0226-0214-4A50-9F10-88F00E86A66A} = {778DBF59-440B-4317-9808-D5AC892914F3}
		{959485AE-7F9B-4651-BEAB-FB95187621BA} = {778DBF59-440B-4317-9808-D5AC892914F3}
		{AE28499E-7D28-42AC-8CE6-4F93753342AD} = {778DBF59-440B-4317-9808-D5AC892914F3}
		{5E3D9108-7C6A-4DF0-A01A-8697645B7FF7} = {829D130D-7C4F-424A-AFB1-B9064C4320EA}
		{7538293E-884D-476E-839C-EC7E3536A43C} = {829D130D-7C4F-424A-AFB1-B9064C4320EA}
		{19321CCC-6A9B-4002-9966-197F960B41D0} = {829D130D-7C4F-424A-AFB1-B9064C4320EA}
		{8F9419AA-EA51-4759-BADC-59D984FFA3B3} = {28DB5D72-71E8-4E92-A1C8-2CC5F45300A9}
	EndGlobalSection
EndGlobal
